// !$*UTF8*$!
{
	archiveVersion = 1;
	classes = {
	};
	objectVersion = 46;
	objects = {

/* Begin PBXAggregateTarget section */
		170D32491EDEC09000BE9450 /* CommonCryptoModuleMap */ = {
			isa = PBXAggregateTarget;
			buildConfigurationList = 170D324A1EDEC09000BE9450 /* Build configuration list for PBXAggregateTarget "CommonCryptoModuleMap" */;
			buildPhases = (
				170D324D1EDEC09B00BE9450 /* ShellScript */,
			);
			dependencies = (
			);
			name = CommonCryptoModuleMap;
			productName = CommonCryptoModuleMap;
		};
/* End PBXAggregateTarget section */

/* Begin PBXBuildFile section */
		170D328C1EE0030F00BE9450 /* LICENSE in Resources */ = {isa = PBXBuildFile; fileRef = 170D32891EE0030F00BE9450 /* LICENSE */; };
		17655D4F1ED42E59009CA624 /* MMCacheTests.swift in Sources */ = {isa = PBXBuildFile; fileRef = 17655D4D1ED42E59009CA624 /* MMCacheTests.swift */; };
		17655D541ED42E9D009CA624 /* MMCache.h in Headers */ = {isa = PBXBuildFile; fileRef = 17655D521ED42E9D009CA624 /* MMCache.h */; settings = {ATTRIBUTES = (Public, ); }; };
		17EA16B71EDE97C2003B74BF /* Cache.swift in Sources */ = {isa = PBXBuildFile; fileRef = 17EA16AC1EDE97C2003B74BF /* Cache.swift */; };
		17EA16B81EDE97C2003B74BF /* MMCache.xcdatamodeld in Sources */ = {isa = PBXBuildFile; fileRef = 17EA16AE1EDE97C2003B74BF /* MMCache.xcdatamodeld */; };
		17EA16B91EDE97C2003B74BF /* CacheObject+Operation.swift in Sources */ = {isa = PBXBuildFile; fileRef = 17EA16B01EDE97C2003B74BF /* CacheObject+Operation.swift */; };
		17EA16BA1EDE97C2003B74BF /* DiskCache.swift in Sources */ = {isa = PBXBuildFile; fileRef = 17EA16B11EDE97C2003B74BF /* DiskCache.swift */; };
		17EA16BB1EDE97C2003B74BF /* Encodable.swift in Sources */ = {isa = PBXBuildFile; fileRef = 17EA16B21EDE97C2003B74BF /* Encodable.swift */; };
		17EA16BD1EDE97C2003B74BF /* Keys.swift in Sources */ = {isa = PBXBuildFile; fileRef = 17EA16B51EDE97C2003B74BF /* Keys.swift */; };
		17EA16BE1EDE97C2003B74BF /* MemoryCache.swift in Sources */ = {isa = PBXBuildFile; fileRef = 17EA16B61EDE97C2003B74BF /* MemoryCache.swift */; };
		17EA170D1EDE9F13003B74BF /* DBTests.swift in Sources */ = {isa = PBXBuildFile; fileRef = 17EA16C01EDE98AE003B74BF /* DBTests.swift */; };
		17EA170E1EDE9F19003B74BF /* DiskCacheTests.swift in Sources */ = {isa = PBXBuildFile; fileRef = 17EA16C11EDE98AE003B74BF /* DiskCacheTests.swift */; };
		17EA170F1EDE9F1C003B74BF /* PureSwiftCodableTests.swift in Sources */ = {isa = PBXBuildFile; fileRef = 17EA16C41EDE98AE003B74BF /* PureSwiftCodableTests.swift */; };
		17EA17101EDE9F20003B74BF /* MemoryCacheTests.swift in Sources */ = {isa = PBXBuildFile; fileRef = 17EA16C21EDE98AE003B74BF /* MemoryCacheTests.swift */; };
		17EA17141EDEA232003B74BF /* MMCache.framework in Frameworks */ = {isa = PBXBuildFile; fileRef = 17655D301ED428F4009CA624 /* MMCache.framework */; };
/* End PBXBuildFile section */

/* Begin PBXContainerItemProxy section */
		170D324E1EDEC0DF00BE9450 /* PBXContainerItemProxy */ = {
			isa = PBXContainerItemProxy;
			containerPortal = 17655D271ED428F4009CA624 /* Project object */;
			proxyType = 1;
			remoteGlobalIDString = 170D32491EDEC09000BE9450;
			remoteInfo = CommonCryptoModuleMap;
		};
		17655D3B1ED428F4009CA624 /* PBXContainerItemProxy */ = {
			isa = PBXContainerItemProxy;
			containerPortal = 17655D271ED428F4009CA624 /* Project object */;
			proxyType = 1;
			remoteGlobalIDString = 17655D2F1ED428F4009CA624;
			remoteInfo = MMCache;
		};
/* End PBXContainerItemProxy section */

/* Begin PBXFileReference section */
		170D32891EE0030F00BE9450 /* LICENSE */ = {isa = PBXFileReference; fileEncoding = 4; lastKnownFileType = text; path = LICENSE; sourceTree = "<group>"; };
		170D328A1EE0030F00BE9450 /* MMCache.podspec */ = {isa = PBXFileReference; explicitFileType = text.script.ruby; fileEncoding = 4; lineEnding = 0; path = MMCache.podspec; sourceTree = "<group>"; usesTabs = 0; };
		170D328B1EE0030F00BE9450 /* README.md */ = {isa = PBXFileReference; fileEncoding = 4; lastKnownFileType = net.daringfireball.markdown; path = README.md; sourceTree = "<group>"; };
		17655D301ED428F4009CA624 /* MMCache.framework */ = {isa = PBXFileReference; explicitFileType = wrapper.framework; includeInIndex = 0; path = MMCache.framework; sourceTree = BUILT_PRODUCTS_DIR; };
		17655D391ED428F4009CA624 /* MMCacheTests.xctest */ = {isa = PBXFileReference; explicitFileType = wrapper.cfbundle; includeInIndex = 0; path = MMCacheTests.xctest; sourceTree = BUILT_PRODUCTS_DIR; };
		17655D4C1ED42E59009CA624 /* Info.plist */ = {isa = PBXFileReference; fileEncoding = 4; lastKnownFileType = text.plist.xml; path = Info.plist; sourceTree = "<group>"; };
		17655D4D1ED42E59009CA624 /* MMCacheTests.swift */ = {isa = PBXFileReference; fileEncoding = 4; lastKnownFileType = sourcecode.swift; path = MMCacheTests.swift; sourceTree = "<group>"; };
		17655D511ED42E9D009CA624 /* Info.plist */ = {isa = PBXFileReference; fileEncoding = 4; lastKnownFileType = text.plist.xml; path = Info.plist; sourceTree = "<group>"; };
		17655D521ED42E9D009CA624 /* MMCache.h */ = {isa = PBXFileReference; fileEncoding = 4; lastKnownFileType = sourcecode.c.h; path = MMCache.h; sourceTree = "<group>"; };
		17EA16AC1EDE97C2003B74BF /* Cache.swift */ = {isa = PBXFileReference; fileEncoding = 4; lastKnownFileType = sourcecode.swift; path = Cache.swift; sourceTree = "<group>"; };
		17EA16AF1EDE97C2003B74BF /* MMCache.xcdatamodel */ = {isa = PBXFileReference; lastKnownFileType = wrapper.xcdatamodel; path = MMCache.xcdatamodel; sourceTree = "<group>"; };
		17EA16B01EDE97C2003B74BF /* CacheObject+Operation.swift */ = {isa = PBXFileReference; fileEncoding = 4; lastKnownFileType = sourcecode.swift; path = "CacheObject+Operation.swift"; sourceTree = "<group>"; };
		17EA16B11EDE97C2003B74BF /* DiskCache.swift */ = {isa = PBXFileReference; fileEncoding = 4; lastKnownFileType = sourcecode.swift; path = DiskCache.swift; sourceTree = "<group>"; };
		17EA16B21EDE97C2003B74BF /* Encodable.swift */ = {isa = PBXFileReference; fileEncoding = 4; lastKnownFileType = sourcecode.swift; path = Encodable.swift; sourceTree = "<group>"; };
		17EA16B51EDE97C2003B74BF /* Keys.swift */ = {isa = PBXFileReference; fileEncoding = 4; lastKnownFileType = sourcecode.swift; path = Keys.swift; sourceTree = "<group>"; };
		17EA16B61EDE97C2003B74BF /* MemoryCache.swift */ = {isa = PBXFileReference; fileEncoding = 4; lastKnownFileType = sourcecode.swift; path = MemoryCache.swift; sourceTree = "<group>"; };
		17EA16C01EDE98AE003B74BF /* DBTests.swift */ = {isa = PBXFileReference; fileEncoding = 4; lastKnownFileType = sourcecode.swift; path = DBTests.swift; sourceTree = "<group>"; };
		17EA16C11EDE98AE003B74BF /* DiskCacheTests.swift */ = {isa = PBXFileReference; fileEncoding = 4; lastKnownFileType = sourcecode.swift; path = DiskCacheTests.swift; sourceTree = "<group>"; };
		17EA16C21EDE98AE003B74BF /* MemoryCacheTests.swift */ = {isa = PBXFileReference; fileEncoding = 4; lastKnownFileType = sourcecode.swift; path = MemoryCacheTests.swift; sourceTree = "<group>"; };
		17EA16C41EDE98AE003B74BF /* PureSwiftCodableTests.swift */ = {isa = PBXFileReference; fileEncoding = 4; lastKnownFileType = sourcecode.swift; path = PureSwiftCodableTests.swift; sourceTree = "<group>"; };
/* End PBXFileReference section */

/* Begin PBXFrameworksBuildPhase section */
		17655D2C1ED428F4009CA624 /* Frameworks */ = {
			isa = PBXFrameworksBuildPhase;
			buildActionMask = 2147483647;
			files = (
			);
			runOnlyForDeploymentPostprocessing = 0;
		};
		17655D361ED428F4009CA624 /* Frameworks */ = {
			isa = PBXFrameworksBuildPhase;
			buildActionMask = 2147483647;
			files = (
				17EA17141EDEA232003B74BF /* MMCache.framework in Frameworks */,
			);
			runOnlyForDeploymentPostprocessing = 0;
		};
/* End PBXFrameworksBuildPhase section */

/* Begin PBXGroup section */
		17655D261ED428F4009CA624 = {
			isa = PBXGroup;
			children = (
				170D32891EE0030F00BE9450 /* LICENSE */,
				170D328B1EE0030F00BE9450 /* README.md */,
				170D328A1EE0030F00BE9450 /* MMCache.podspec */,
				17655D501ED42E9D009CA624 /* Source */,
				17655D4B1ED42E59009CA624 /* Tests */,
				17655D311ED428F4009CA624 /* Products */,
			);
			sourceTree = "<group>";
		};
		17655D311ED428F4009CA624 /* Products */ = {
			isa = PBXGroup;
			children = (
				17655D301ED428F4009CA624 /* MMCache.framework */,
				17655D391ED428F4009CA624 /* MMCacheTests.xctest */,
			);
			name = Products;
			sourceTree = "<group>";
		};
		17655D4B1ED42E59009CA624 /* Tests */ = {
			isa = PBXGroup;
			children = (
				17655D4C1ED42E59009CA624 /* Info.plist */,
				17655D4D1ED42E59009CA624 /* MMCacheTests.swift */,
				17EA16C01EDE98AE003B74BF /* DBTests.swift */,
				17EA16C11EDE98AE003B74BF /* DiskCacheTests.swift */,
				17EA16C21EDE98AE003B74BF /* MemoryCacheTests.swift */,
				17EA16C41EDE98AE003B74BF /* PureSwiftCodableTests.swift */,
			);
			path = Tests;
			sourceTree = "<group>";
		};
		17655D501ED42E9D009CA624 /* Source */ = {
			isa = PBXGroup;
			children = (
				17655D511ED42E9D009CA624 /* Info.plist */,
				17655D521ED42E9D009CA624 /* MMCache.h */,
				17EA16AD1EDE97C2003B74BF /* DataBase */,
				17EA16AC1EDE97C2003B74BF /* Cache.swift */,
				17EA16B61EDE97C2003B74BF /* MemoryCache.swift */,
				17EA16B11EDE97C2003B74BF /* DiskCache.swift */,
				17EA16B21EDE97C2003B74BF /* Encodable.swift */,
				17EA16B51EDE97C2003B74BF /* Keys.swift */,
			);
			path = Source;
			sourceTree = "<group>";
		};
		17EA16AD1EDE97C2003B74BF /* DataBase */ = {
			isa = PBXGroup;
			children = (
				17EA16AE1EDE97C2003B74BF /* MMCache.xcdatamodeld */,
				17EA16B01EDE97C2003B74BF /* CacheObject+Operation.swift */,
			);
			path = DataBase;
			sourceTree = "<group>";
		};
/* End PBXGroup section */

/* Begin PBXHeadersBuildPhase section */
		17655D2D1ED428F4009CA624 /* Headers */ = {
			isa = PBXHeadersBuildPhase;
			buildActionMask = 2147483647;
			files = (
				17655D541ED42E9D009CA624 /* MMCache.h in Headers */,
			);
			runOnlyForDeploymentPostprocessing = 0;
		};
/* End PBXHeadersBuildPhase section */

/* Begin PBXNativeTarget section */
		17655D2F1ED428F4009CA624 /* MMCache */ = {
			isa = PBXNativeTarget;
			buildConfigurationList = 17655D441ED428F4009CA624 /* Build configuration list for PBXNativeTarget "MMCache" */;
			buildPhases = (
				17655D2B1ED428F4009CA624 /* Sources */,
				17655D2C1ED428F4009CA624 /* Frameworks */,
				17655D2D1ED428F4009CA624 /* Headers */,
				17655D2E1ED428F4009CA624 /* Resources */,
			);
			buildRules = (
			);
			dependencies = (
				170D324F1EDEC0DF00BE9450 /* PBXTargetDependency */,
			);
			name = MMCache;
			productName = MMCache;
			productReference = 17655D301ED428F4009CA624 /* MMCache.framework */;
			productType = "com.apple.product-type.framework";
		};
		17655D381ED428F4009CA624 /* MMCacheTests */ = {
			isa = PBXNativeTarget;
			buildConfigurationList = 17655D471ED428F4009CA624 /* Build configuration list for PBXNativeTarget "MMCacheTests" */;
			buildPhases = (
				17655D351ED428F4009CA624 /* Sources */,
				17655D361ED428F4009CA624 /* Frameworks */,
				17655D371ED428F4009CA624 /* Resources */,
			);
			buildRules = (
			);
			dependencies = (
				17655D3C1ED428F4009CA624 /* PBXTargetDependency */,
			);
			name = MMCacheTests;
			productName = MMCacheTests;
			productReference = 17655D391ED428F4009CA624 /* MMCacheTests.xctest */;
			productType = "com.apple.product-type.bundle.unit-test";
		};
/* End PBXNativeTarget section */

/* Begin PBXProject section */
		17655D271ED428F4009CA624 /* Project object */ = {
			isa = PBXProject;
			attributes = {
				LastSwiftUpdateCheck = 0830;
				LastUpgradeCheck = 0830;
				ORGANIZATIONNAME = MikotoZero;
				TargetAttributes = {
					170D32491EDEC09000BE9450 = {
						CreatedOnToolsVersion = 8.3.2;
						DevelopmentTeam = MG9EX24M7M;
						ProvisioningStyle = Automatic;
					};
					17655D2F1ED428F4009CA624 = {
						CreatedOnToolsVersion = 8.3.2;
						DevelopmentTeam = MG9EX24M7M;
						LastSwiftMigration = 0830;
						ProvisioningStyle = Automatic;
					};
					17655D381ED428F4009CA624 = {
						CreatedOnToolsVersion = 8.3.2;
						DevelopmentTeam = MG9EX24M7M;
						ProvisioningStyle = Automatic;
					};
				};
			};
			buildConfigurationList = 17655D2A1ED428F4009CA624 /* Build configuration list for PBXProject "MMCache" */;
			compatibilityVersion = "Xcode 3.2";
			developmentRegion = English;
			hasScannedForEncodings = 0;
			knownRegions = (
				en,
			);
			mainGroup = 17655D261ED428F4009CA624;
			productRefGroup = 17655D311ED428F4009CA624 /* Products */;
			projectDirPath = "";
			projectRoot = "";
			targets = (
				170D32491EDEC09000BE9450 /* CommonCryptoModuleMap */,
				17655D2F1ED428F4009CA624 /* MMCache */,
				17655D381ED428F4009CA624 /* MMCacheTests */,
			);
		};
/* End PBXProject section */

/* Begin PBXResourcesBuildPhase section */
		17655D2E1ED428F4009CA624 /* Resources */ = {
			isa = PBXResourcesBuildPhase;
			buildActionMask = 2147483647;
			files = (
				170D328C1EE0030F00BE9450 /* LICENSE in Resources */,
			);
			runOnlyForDeploymentPostprocessing = 0;
		};
		17655D371ED428F4009CA624 /* Resources */ = {
			isa = PBXResourcesBuildPhase;
			buildActionMask = 2147483647;
			files = (
			);
			runOnlyForDeploymentPostprocessing = 0;
		};
/* End PBXResourcesBuildPhase section */

/* Begin PBXShellScriptBuildPhase section */
		170D324D1EDEC09B00BE9450 /* ShellScript */ = {
			isa = PBXShellScriptBuildPhase;
			buildActionMask = 2147483647;
			files = (
			);
			inputPaths = (
			);
			outputPaths = (
			);
			runOnlyForDeploymentPostprocessing = 0;
			shellPath = /bin/bash;
			shellScript = "mkdir -p \"${BUILT_PRODUCTS_DIR}/CommonCryptoModuleMap\"\ncat <<EOF > \"${BUILT_PRODUCTS_DIR}/CommonCryptoModuleMap/module.modulemap\"\nmodule CommonCrypto [system] {\n    header \"${SDKROOT}/usr/include/CommonCrypto/CommonCrypto.h\"\n    export *\n}\nEOF";
		};
/* End PBXShellScriptBuildPhase section */

/* Begin PBXSourcesBuildPhase section */
		17655D2B1ED428F4009CA624 /* Sources */ = {
			isa = PBXSourcesBuildPhase;
			buildActionMask = 2147483647;
			files = (
				17EA16B91EDE97C2003B74BF /* CacheObject+Operation.swift in Sources */,
				17EA16BD1EDE97C2003B74BF /* Keys.swift in Sources */,
				17EA16BA1EDE97C2003B74BF /* DiskCache.swift in Sources */,
				17EA16B81EDE97C2003B74BF /* MMCache.xcdatamodeld in Sources */,
				17EA16BE1EDE97C2003B74BF /* MemoryCache.swift in Sources */,
				17EA16B71EDE97C2003B74BF /* Cache.swift in Sources */,
				17EA16BB1EDE97C2003B74BF /* Encodable.swift in Sources */,
			);
			runOnlyForDeploymentPostprocessing = 0;
		};
		17655D351ED428F4009CA624 /* Sources */ = {
			isa = PBXSourcesBuildPhase;
			buildActionMask = 2147483647;
			files = (
				17EA170F1EDE9F1C003B74BF /* PureSwiftCodableTests.swift in Sources */,
				17655D4F1ED42E59009CA624 /* MMCacheTests.swift in Sources */,
				17EA17101EDE9F20003B74BF /* MemoryCacheTests.swift in Sources */,
				17EA170E1EDE9F19003B74BF /* DiskCacheTests.swift in Sources */,
				17EA170D1EDE9F13003B74BF /* DBTests.swift in Sources */,
			);
			runOnlyForDeploymentPostprocessing = 0;
		};
/* End PBXSourcesBuildPhase section */

/* Begin PBXTargetDependency section */
		170D324F1EDEC0DF00BE9450 /* PBXTargetDependency */ = {
			isa = PBXTargetDependency;
			target = 170D32491EDEC09000BE9450 /* CommonCryptoModuleMap */;
			targetProxy = 170D324E1EDEC0DF00BE9450 /* PBXContainerItemProxy */;
		};
		17655D3C1ED428F4009CA624 /* PBXTargetDependency */ = {
			isa = PBXTargetDependency;
			target = 17655D2F1ED428F4009CA624 /* MMCache */;
			targetProxy = 17655D3B1ED428F4009CA624 /* PBXContainerItemProxy */;
		};
/* End PBXTargetDependency section */

/* Begin XCBuildConfiguration section */
		170D324B1EDEC09000BE9450 /* Debug */ = {
			isa = XCBuildConfiguration;
			buildSettings = {
				DEVELOPMENT_TEAM = MG9EX24M7M;
				PRODUCT_NAME = "$(TARGET_NAME)";
			};
			name = Debug;
		};
		170D324C1EDEC09000BE9450 /* Release */ = {
			isa = XCBuildConfiguration;
			buildSettings = {
				DEVELOPMENT_TEAM = MG9EX24M7M;
				PRODUCT_NAME = "$(TARGET_NAME)";
			};
			name = Release;
		};
		17655D421ED428F4009CA624 /* Debug */ = {
			isa = XCBuildConfiguration;
			buildSettings = {
				ALWAYS_SEARCH_USER_PATHS = NO;
				CLANG_ANALYZER_NONNULL = YES;
				CLANG_ANALYZER_NUMBER_OBJECT_CONVERSION = YES_AGGRESSIVE;
				CLANG_CXX_LANGUAGE_STANDARD = "gnu++0x";
				CLANG_CXX_LIBRARY = "libc++";
				CLANG_ENABLE_MODULES = YES;
				CLANG_ENABLE_OBJC_ARC = YES;
				CLANG_WARN_BOOL_CONVERSION = YES;
				CLANG_WARN_CONSTANT_CONVERSION = YES;
				CLANG_WARN_DIRECT_OBJC_ISA_USAGE = YES_ERROR;
				CLANG_WARN_DOCUMENTATION_COMMENTS = YES;
				CLANG_WARN_EMPTY_BODY = YES;
				CLANG_WARN_ENUM_CONVERSION = YES;
				CLANG_WARN_INFINITE_RECURSION = YES;
				CLANG_WARN_INT_CONVERSION = YES;
				CLANG_WARN_OBJC_ROOT_CLASS = YES_ERROR;
				CLANG_WARN_SUSPICIOUS_MOVE = YES;
				CLANG_WARN_UNREACHABLE_CODE = YES;
				CLANG_WARN__DUPLICATE_METHOD_MATCH = YES;
				"CODE_SIGN_IDENTITY[sdk=iphoneos*]" = "iPhone Developer";
				COPY_PHASE_STRIP = NO;
				CURRENT_PROJECT_VERSION = 1;
				DEBUG_INFORMATION_FORMAT = dwarf;
				ENABLE_STRICT_OBJC_MSGSEND = YES;
				ENABLE_TESTABILITY = YES;
				GCC_C_LANGUAGE_STANDARD = gnu99;
				GCC_DYNAMIC_NO_PIC = NO;
				GCC_NO_COMMON_BLOCKS = YES;
				GCC_OPTIMIZATION_LEVEL = 0;
				GCC_PREPROCESSOR_DEFINITIONS = (
					"DEBUG=1",
					"$(inherited)",
				);
				GCC_WARN_64_TO_32_BIT_CONVERSION = YES;
				GCC_WARN_ABOUT_RETURN_TYPE = YES_ERROR;
				GCC_WARN_UNDECLARED_SELECTOR = YES;
				GCC_WARN_UNINITIALIZED_AUTOS = YES_AGGRESSIVE;
				GCC_WARN_UNUSED_FUNCTION = YES;
				GCC_WARN_UNUSED_VARIABLE = YES;
				IPHONEOS_DEPLOYMENT_TARGET = 10.3;
				MTL_ENABLE_DEBUG_INFO = YES;
				ONLY_ACTIVE_ARCH = YES;
				SDKROOT = iphoneos;
				SWIFT_ACTIVE_COMPILATION_CONDITIONS = DEBUG;
				SWIFT_OPTIMIZATION_LEVEL = "-Onone";
				TARGETED_DEVICE_FAMILY = "1,2";
				VERSIONING_SYSTEM = "apple-generic";
				VERSION_INFO_PREFIX = "";
			};
			name = Debug;
		};
		17655D431ED428F4009CA624 /* Release */ = {
			isa = XCBuildConfiguration;
			buildSettings = {
				ALWAYS_SEARCH_USER_PATHS = NO;
				CLANG_ANALYZER_NONNULL = YES;
				CLANG_ANALYZER_NUMBER_OBJECT_CONVERSION = YES_AGGRESSIVE;
				CLANG_CXX_LANGUAGE_STANDARD = "gnu++0x";
				CLANG_CXX_LIBRARY = "libc++";
				CLANG_ENABLE_MODULES = YES;
				CLANG_ENABLE_OBJC_ARC = YES;
				CLANG_WARN_BOOL_CONVERSION = YES;
				CLANG_WARN_CONSTANT_CONVERSION = YES;
				CLANG_WARN_DIRECT_OBJC_ISA_USAGE = YES_ERROR;
				CLANG_WARN_DOCUMENTATION_COMMENTS = YES;
				CLANG_WARN_EMPTY_BODY = YES;
				CLANG_WARN_ENUM_CONVERSION = YES;
				CLANG_WARN_INFINITE_RECURSION = YES;
				CLANG_WARN_INT_CONVERSION = YES;
				CLANG_WARN_OBJC_ROOT_CLASS = YES_ERROR;
				CLANG_WARN_SUSPICIOUS_MOVE = YES;
				CLANG_WARN_UNREACHABLE_CODE = YES;
				CLANG_WARN__DUPLICATE_METHOD_MATCH = YES;
				"CODE_SIGN_IDENTITY[sdk=iphoneos*]" = "iPhone Developer";
				COPY_PHASE_STRIP = NO;
				CURRENT_PROJECT_VERSION = 1;
				DEBUG_INFORMATION_FORMAT = "dwarf-with-dsym";
				ENABLE_NS_ASSERTIONS = NO;
				ENABLE_STRICT_OBJC_MSGSEND = YES;
				GCC_C_LANGUAGE_STANDARD = gnu99;
				GCC_NO_COMMON_BLOCKS = YES;
				GCC_WARN_64_TO_32_BIT_CONVERSION = YES;
				GCC_WARN_ABOUT_RETURN_TYPE = YES_ERROR;
				GCC_WARN_UNDECLARED_SELECTOR = YES;
				GCC_WARN_UNINITIALIZED_AUTOS = YES_AGGRESSIVE;
				GCC_WARN_UNUSED_FUNCTION = YES;
				GCC_WARN_UNUSED_VARIABLE = YES;
				IPHONEOS_DEPLOYMENT_TARGET = 10.3;
				MTL_ENABLE_DEBUG_INFO = NO;
				SDKROOT = iphoneos;
				SWIFT_OPTIMIZATION_LEVEL = "-Owholemodule";
				TARGETED_DEVICE_FAMILY = "1,2";
				VALIDATE_PRODUCT = YES;
				VERSIONING_SYSTEM = "apple-generic";
				VERSION_INFO_PREFIX = "";
			};
			name = Release;
		};
		17655D451ED428F4009CA624 /* Debug */ = {
			isa = XCBuildConfiguration;
			buildSettings = {
				CLANG_ENABLE_MODULES = YES;
				CODE_SIGN_IDENTITY = "iPhone Developer";
				DEBUG_INFORMATION_FORMAT = "dwarf-with-dsym";
				DEFINES_MODULE = YES;
				DEVELOPMENT_TEAM = MG9EX24M7M;
				DYLIB_COMPATIBILITY_VERSION = 1;
				DYLIB_CURRENT_VERSION = 1;
				DYLIB_INSTALL_NAME_BASE = "@rpath";
				FRAMEWORK_SEARCH_PATHS = "$(inherited)";
				HEADER_SEARCH_PATHS = (
					"$(inherited)",
					"${BUILT_PRODUCTS_DIR}/CommonCryptoModuleMap",
				);
				INFOPLIST_FILE = Source/Info.plist;
				INSTALL_PATH = "$(LOCAL_LIBRARY_DIR)/Frameworks";
				IPHONEOS_DEPLOYMENT_TARGET = 8.0;
				LD_RUNPATH_SEARCH_PATHS = "$(inherited) @executable_path/Frameworks @loader_path/Frameworks";
				MACOSX_DEPLOYMENT_TARGET = 10.9;
				PRODUCT_BUNDLE_IDENTIFIER = com.MikotoZero.MMCache;
				PRODUCT_NAME = "$(TARGET_NAME)";
				SKIP_INSTALL = YES;
				SWIFT_INCLUDE_PATHS = "";
				SWIFT_OBJC_BRIDGING_HEADER = "";
				SWIFT_OPTIMIZATION_LEVEL = "-Onone";
				SWIFT_VERSION = 3.0;
				VALID_ARCHS = "arm64 armv7 armv7s";
			};
			name = Debug;
		};
		17655D461ED428F4009CA624 /* Release */ = {
			isa = XCBuildConfiguration;
			buildSettings = {
				CLANG_ENABLE_MODULES = YES;
				CODE_SIGN_IDENTITY = "iPhone Developer";
				DEBUG_INFORMATION_FORMAT = "dwarf-with-dsym";
				DEFINES_MODULE = YES;
				DEVELOPMENT_TEAM = MG9EX24M7M;
				DYLIB_COMPATIBILITY_VERSION = 1;
				DYLIB_CURRENT_VERSION = 1;
				DYLIB_INSTALL_NAME_BASE = "@rpath";
				FRAMEWORK_SEARCH_PATHS = "$(inherited)";
				HEADER_SEARCH_PATHS = (
					"$(inherited)",
					"${BUILT_PRODUCTS_DIR}/CommonCryptoModuleMap",
				);
				INFOPLIST_FILE = Source/Info.plist;
				INSTALL_PATH = "$(LOCAL_LIBRARY_DIR)/Frameworks";
				IPHONEOS_DEPLOYMENT_TARGET = 8.0;
				LD_RUNPATH_SEARCH_PATHS = "$(inherited) @executable_path/Frameworks @loader_path/Frameworks";
				MACOSX_DEPLOYMENT_TARGET = 10.9;
				PRODUCT_BUNDLE_IDENTIFIER = com.MikotoZero.MMCache;
				PRODUCT_NAME = "$(TARGET_NAME)";
				SKIP_INSTALL = YES;
				SWIFT_INCLUDE_PATHS = "";
				SWIFT_OBJC_BRIDGING_HEADER = "";
				SWIFT_VERSION = 3.0;
				VALID_ARCHS = "arm64 armv7 armv7s";
			};
			name = Release;
		};
		17655D481ED428F4009CA624 /* Debug */ = {
			isa = XCBuildConfiguration;
			buildSettings = {
				ALWAYS_EMBED_SWIFT_STANDARD_LIBRARIES = NO;
				DEVELOPMENT_TEAM = MG9EX24M7M;
				INFOPLIST_FILE = Tests/Info.plist;
				IPHONEOS_DEPLOYMENT_TARGET = 8.0;
				LD_RUNPATH_SEARCH_PATHS = "$(inherited) @executable_path/Frameworks @loader_path/Frameworks";
				MACH_O_TYPE = mh_bundle;
				MACOSX_DEPLOYMENT_TARGET = 10.9;
				PRODUCT_BUNDLE_IDENTIFIER = MM.MMCacheTests;
				PRODUCT_NAME = "$(TARGET_NAME)";
				SWIFT_VERSION = 3.0;
			};
			name = Debug;
		};
		17655D491ED428F4009CA624 /* Release */ = {
			isa = XCBuildConfiguration;
			buildSettings = {
				ALWAYS_EMBED_SWIFT_STANDARD_LIBRARIES = NO;
				DEVELOPMENT_TEAM = MG9EX24M7M;
				INFOPLIST_FILE = Tests/Info.plist;
				IPHONEOS_DEPLOYMENT_TARGET = 8.0;
				LD_RUNPATH_SEARCH_PATHS = "$(inherited) @executable_path/Frameworks @loader_path/Frameworks";
				MACH_O_TYPE = mh_bundle;
				MACOSX_DEPLOYMENT_TARGET = 10.9;
				PRODUCT_BUNDLE_IDENTIFIER = MM.MMCacheTests;
				PRODUCT_NAME = "$(TARGET_NAME)";
				SWIFT_VERSION = 3.0;
			};
			name = Release;
		};
/* End XCBuildConfiguration section */

/* Begin XCConfigurationList section */
		170D324A1EDEC09000BE9450 /* Build configuration list for PBXAggregateTarget "CommonCryptoModuleMap" */ = {
			isa = XCConfigurationList;
			buildConfigurations = (
				170D324B1EDEC09000BE9450 /* Debug */,
				170D324C1EDEC09000BE9450 /* Release */,
			);
			defaultConfigurationIsVisible = 0;
			defaultConfigurationName = Release;
		};
		17655D2A1ED428F4009CA624 /* Build configuration list for PBXProject "MMCache" */ = {
			isa = XCConfigurationList;
			buildConfigurations = (
				17655D421ED428F4009CA624 /* Debug */,
				17655D431ED428F4009CA624 /* Release */,
			);
			defaultConfigurationIsVisible = 0;
			defaultConfigurationName = Release;
		};
		17655D441ED428F4009CA624 /* Build configuration list for PBXNativeTarget "MMCache" */ = {
			isa = XCConfigurationList;
			buildConfigurations = (
				17655D451ED428F4009CA624 /* Debug */,
				17655D461ED428F4009CA624 /* Release */,
			);
			defaultConfigurationIsVisible = 0;
			defaultConfigurationName = Release;
		};
		17655D471ED428F4009CA624 /* Build configuration list for PBXNativeTarget "MMCacheTests" */ = {
			isa = XCConfigurationList;
			buildConfigurations = (
				17655D481ED428F4009CA624 /* Debug */,
				17655D491ED428F4009CA624 /* Release */,
			);
			defaultConfigurationIsVisible = 0;
			defaultConfigurationName = Release;
		};
/* End XCConfigurationList section */

/* Begin XCVersionGroup section */
		17EA16AE1EDE97C2003B74BF /* MMCache.xcdatamodeld */ = {
			isa = XCVersionGroup;
			children = (
				17EA16AF1EDE97C2003B74BF /* MMCache.xcdatamodel */,
			);
			currentVersion = 17EA16AF1EDE97C2003B74BF /* MMCache.xcdatamodel */;
			path = MMCache.xcdatamodeld;
			sourceTree = "<group>";
			versionGroupType = wrapper.xcdatamodel;
		};
/* End XCVersionGroup section */
	};
	rootObject = 17655D271ED428F4009CA624 /* Project object */;
}
