// !$*UTF8*$!
{
	archiveVersion = 1;
	classes = {
	};
	objectVersion = 46;
	objects = {

/* Begin PBXAggregateTarget section */
		179E69691EEE82720052DB26 /* swiftlint */ = {
			isa = PBXAggregateTarget;
			buildConfigurationList = 179E696A1EEE82720052DB26 /* Build configuration list for PBXAggregateTarget "swiftlint" */;
			buildPhases = (
				179E696D1EEE82790052DB26 /* ShellScript */,
			);
			dependencies = (
			);
			name = swiftlint;
			productName = swiftlint;
		};
/* End PBXAggregateTarget section */

/* Begin PBXBuildFile section */
		170D328C1EE0030F00BE9450 /* LICENSE in Resources */ = {isa = PBXBuildFile; fileRef = 170D32891EE0030F00BE9450 /* LICENSE */; };
		170D32941EE024B900BE9450 /* MD5.swift in Sources */ = {isa = PBXBuildFile; fileRef = 170D32931EE024B900BE9450 /* MD5.swift */; };
		17655D4F1ED42E59009CA624 /* MMCacheTests.swift in Sources */ = {isa = PBXBuildFile; fileRef = 17655D4D1ED42E59009CA624 /* MMCacheTests.swift */; };
		17655D541ED42E9D009CA624 /* MMCache.h in Headers */ = {isa = PBXBuildFile; fileRef = 17655D521ED42E9D009CA624 /* MMCache.h */; settings = {ATTRIBUTES = (Public, ); }; };
		17EA16B71EDE97C2003B74BF /* Cache.swift in Sources */ = {isa = PBXBuildFile; fileRef = 17EA16AC1EDE97C2003B74BF /* Cache.swift */; };
		17EA16B81EDE97C2003B74BF /* MMCache.xcdatamodeld in Sources */ = {isa = PBXBuildFile; fileRef = 17EA16AE1EDE97C2003B74BF /* MMCache.xcdatamodeld */; };
		17EA16B91EDE97C2003B74BF /* CacheObject+Operation.swift in Sources */ = {isa = PBXBuildFile; fileRef = 17EA16B01EDE97C2003B74BF /* CacheObject+Operation.swift */; };
		17EA16BA1EDE97C2003B74BF /* DiskCache.swift in Sources */ = {isa = PBXBuildFile; fileRef = 17EA16B11EDE97C2003B74BF /* DiskCache.swift */; };
		17EA16BB1EDE97C2003B74BF /* Encodable.swift in Sources */ = {isa = PBXBuildFile; fileRef = 17EA16B21EDE97C2003B74BF /* Encodable.swift */; };
		17EA16BD1EDE97C2003B74BF /* Keys.swift in Sources */ = {isa = PBXBuildFile; fileRef = 17EA16B51EDE97C2003B74BF /* Keys.swift */; };
		17EA16BE1EDE97C2003B74BF /* MemoryCache.swift in Sources */ = {isa = PBXBuildFile; fileRef = 17EA16B61EDE97C2003B74BF /* MemoryCache.swift */; };
		17EA170D1EDE9F13003B74BF /* DBTests.swift in Sources */ = {isa = PBXBuildFile; fileRef = 17EA16C01EDE98AE003B74BF /* DBTests.swift */; };
		17EA170E1EDE9F19003B74BF /* DiskCacheTests.swift in Sources */ = {isa = PBXBuildFile; fileRef = 17EA16C11EDE98AE003B74BF /* DiskCacheTests.swift */; };
		17EA170F1EDE9F1C003B74BF /* PureSwiftCodableTests.swift in Sources */ = {isa = PBXBuildFile; fileRef = 17EA16C41EDE98AE003B74BF /* PureSwiftCodableTests.swift */; };
		17EA17101EDE9F20003B74BF /* MemoryCacheTests.swift in Sources */ = {isa = PBXBuildFile; fileRef = 17EA16C21EDE98AE003B74BF /* MemoryCacheTests.swift */; };
		17EA17141EDEA232003B74BF /* MMCache.framework in Frameworks */ = {isa = PBXBuildFile; fileRef = 17655D301ED428F4009CA624 /* MMCache.framework */; };
		17FE86871EE56519006782E9 /* MMCache.framework in Frameworks */ = {isa = PBXBuildFile; fileRef = 17FE867E1EE56519006782E9 /* MMCache.framework */; };
		17FE86951EE5697E006782E9 /* MMCache.xcdatamodeld in Sources */ = {isa = PBXBuildFile; fileRef = 17EA16AE1EDE97C2003B74BF /* MMCache.xcdatamodeld */; };
		17FE86961EE5697E006782E9 /* CacheObject+Operation.swift in Sources */ = {isa = PBXBuildFile; fileRef = 17EA16B01EDE97C2003B74BF /* CacheObject+Operation.swift */; };
		17FE86971EE5697E006782E9 /* MD5.swift in Sources */ = {isa = PBXBuildFile; fileRef = 170D32931EE024B900BE9450 /* MD5.swift */; };
		17FE86981EE5697E006782E9 /* Cache.swift in Sources */ = {isa = PBXBuildFile; fileRef = 17EA16AC1EDE97C2003B74BF /* Cache.swift */; };
		17FE86991EE5697E006782E9 /* MemoryCache.swift in Sources */ = {isa = PBXBuildFile; fileRef = 17EA16B61EDE97C2003B74BF /* MemoryCache.swift */; };
		17FE869A1EE5697E006782E9 /* DiskCache.swift in Sources */ = {isa = PBXBuildFile; fileRef = 17EA16B11EDE97C2003B74BF /* DiskCache.swift */; };
		17FE869B1EE5697E006782E9 /* Encodable.swift in Sources */ = {isa = PBXBuildFile; fileRef = 17EA16B21EDE97C2003B74BF /* Encodable.swift */; };
		17FE869C1EE5697E006782E9 /* Keys.swift in Sources */ = {isa = PBXBuildFile; fileRef = 17EA16B51EDE97C2003B74BF /* Keys.swift */; };
		17FE86A01EE569D7006782E9 /* MMCache.h in Headers */ = {isa = PBXBuildFile; fileRef = 17655D521ED42E9D009CA624 /* MMCache.h */; settings = {ATTRIBUTES = (Public, ); }; };
		17FE86A11EE569F4006782E9 /* LICENSE in Resources */ = {isa = PBXBuildFile; fileRef = 170D32891EE0030F00BE9450 /* LICENSE */; };
		17FE86A21EE56A07006782E9 /* MMCacheTests.swift in Sources */ = {isa = PBXBuildFile; fileRef = 17655D4D1ED42E59009CA624 /* MMCacheTests.swift */; };
		17FE86A31EE56A07006782E9 /* DBTests.swift in Sources */ = {isa = PBXBuildFile; fileRef = 17EA16C01EDE98AE003B74BF /* DBTests.swift */; };
		17FE86A41EE56A07006782E9 /* DiskCacheTests.swift in Sources */ = {isa = PBXBuildFile; fileRef = 17EA16C11EDE98AE003B74BF /* DiskCacheTests.swift */; };
		17FE86A51EE56A07006782E9 /* MemoryCacheTests.swift in Sources */ = {isa = PBXBuildFile; fileRef = 17EA16C21EDE98AE003B74BF /* MemoryCacheTests.swift */; };
		17FE86A61EE56A07006782E9 /* PureSwiftCodableTests.swift in Sources */ = {isa = PBXBuildFile; fileRef = 17EA16C41EDE98AE003B74BF /* PureSwiftCodableTests.swift */; };
		17FE86B51EE56CB0006782E9 /* MMCache.framework in Frameworks */ = {isa = PBXBuildFile; fileRef = 17FE86AC1EE56CAF006782E9 /* MMCache.framework */; };
		17FE86C71EE56DAA006782E9 /* MMCache.xcdatamodeld in Sources */ = {isa = PBXBuildFile; fileRef = 17EA16AE1EDE97C2003B74BF /* MMCache.xcdatamodeld */; };
		17FE86C81EE56DAA006782E9 /* CacheObject+Operation.swift in Sources */ = {isa = PBXBuildFile; fileRef = 17EA16B01EDE97C2003B74BF /* CacheObject+Operation.swift */; };
		17FE86C91EE56DAA006782E9 /* MD5.swift in Sources */ = {isa = PBXBuildFile; fileRef = 170D32931EE024B900BE9450 /* MD5.swift */; };
		17FE86CA1EE56DAA006782E9 /* Cache.swift in Sources */ = {isa = PBXBuildFile; fileRef = 17EA16AC1EDE97C2003B74BF /* Cache.swift */; };
		17FE86CB1EE56DAA006782E9 /* MemoryCache.swift in Sources */ = {isa = PBXBuildFile; fileRef = 17EA16B61EDE97C2003B74BF /* MemoryCache.swift */; };
		17FE86CC1EE56DAA006782E9 /* DiskCache.swift in Sources */ = {isa = PBXBuildFile; fileRef = 17EA16B11EDE97C2003B74BF /* DiskCache.swift */; };
		17FE86CD1EE56DAA006782E9 /* Encodable.swift in Sources */ = {isa = PBXBuildFile; fileRef = 17EA16B21EDE97C2003B74BF /* Encodable.swift */; };
		17FE86CE1EE56DAA006782E9 /* Keys.swift in Sources */ = {isa = PBXBuildFile; fileRef = 17EA16B51EDE97C2003B74BF /* Keys.swift */; };
		17FE86CF1EE56DB1006782E9 /* MMCache.h in Headers */ = {isa = PBXBuildFile; fileRef = 17655D521ED42E9D009CA624 /* MMCache.h */; settings = {ATTRIBUTES = (Public, ); }; };
		17FE86D01EE56F12006782E9 /* LICENSE in Resources */ = {isa = PBXBuildFile; fileRef = 170D32891EE0030F00BE9450 /* LICENSE */; };
		17FE86D11EE56F3C006782E9 /* MMCacheTests.swift in Sources */ = {isa = PBXBuildFile; fileRef = 17655D4D1ED42E59009CA624 /* MMCacheTests.swift */; };
		17FE86D21EE56F3C006782E9 /* DBTests.swift in Sources */ = {isa = PBXBuildFile; fileRef = 17EA16C01EDE98AE003B74BF /* DBTests.swift */; };
		17FE86D31EE56F3C006782E9 /* DiskCacheTests.swift in Sources */ = {isa = PBXBuildFile; fileRef = 17EA16C11EDE98AE003B74BF /* DiskCacheTests.swift */; };
		17FE86D41EE56F3C006782E9 /* MemoryCacheTests.swift in Sources */ = {isa = PBXBuildFile; fileRef = 17EA16C21EDE98AE003B74BF /* MemoryCacheTests.swift */; };
		17FE86D51EE56F3C006782E9 /* PureSwiftCodableTests.swift in Sources */ = {isa = PBXBuildFile; fileRef = 17EA16C41EDE98AE003B74BF /* PureSwiftCodableTests.swift */; };
		17FE86E41EE5708A006782E9 /* MMCache.xcdatamodeld in Sources */ = {isa = PBXBuildFile; fileRef = 17EA16AE1EDE97C2003B74BF /* MMCache.xcdatamodeld */; };
		17FE86E51EE5708A006782E9 /* CacheObject+Operation.swift in Sources */ = {isa = PBXBuildFile; fileRef = 17EA16B01EDE97C2003B74BF /* CacheObject+Operation.swift */; };
		17FE86E61EE5708A006782E9 /* MD5.swift in Sources */ = {isa = PBXBuildFile; fileRef = 170D32931EE024B900BE9450 /* MD5.swift */; };
		17FE86E71EE5708A006782E9 /* Cache.swift in Sources */ = {isa = PBXBuildFile; fileRef = 17EA16AC1EDE97C2003B74BF /* Cache.swift */; };
		17FE86E81EE5708A006782E9 /* MemoryCache.swift in Sources */ = {isa = PBXBuildFile; fileRef = 17EA16B61EDE97C2003B74BF /* MemoryCache.swift */; };
		17FE86E91EE5708A006782E9 /* DiskCache.swift in Sources */ = {isa = PBXBuildFile; fileRef = 17EA16B11EDE97C2003B74BF /* DiskCache.swift */; };
		17FE86EA1EE5708A006782E9 /* Encodable.swift in Sources */ = {isa = PBXBuildFile; fileRef = 17EA16B21EDE97C2003B74BF /* Encodable.swift */; };
		17FE86EB1EE5708A006782E9 /* Keys.swift in Sources */ = {isa = PBXBuildFile; fileRef = 17EA16B51EDE97C2003B74BF /* Keys.swift */; };
		17FE86EC1EE57095006782E9 /* MMCache.h in Headers */ = {isa = PBXBuildFile; fileRef = 17655D521ED42E9D009CA624 /* MMCache.h */; settings = {ATTRIBUTES = (Public, ); }; };
/* End PBXBuildFile section */

/* Begin PBXContainerItemProxy section */
		17655D3B1ED428F4009CA624 /* PBXContainerItemProxy */ = {
			isa = PBXContainerItemProxy;
			containerPortal = 17655D271ED428F4009CA624 /* Project object */;
			proxyType = 1;
			remoteGlobalIDString = 17655D2F1ED428F4009CA624;
			remoteInfo = MMCache;
		};
		17FE86881EE56519006782E9 /* PBXContainerItemProxy */ = {
			isa = PBXContainerItemProxy;
			containerPortal = 17655D271ED428F4009CA624 /* Project object */;
			proxyType = 1;
			remoteGlobalIDString = 17FE867D1EE56519006782E9;
			remoteInfo = "MMCache macOS";
		};
		17FE86B61EE56CB0006782E9 /* PBXContainerItemProxy */ = {
			isa = PBXContainerItemProxy;
			containerPortal = 17655D271ED428F4009CA624 /* Project object */;
			proxyType = 1;
			remoteGlobalIDString = 17FE86AB1EE56CAF006782E9;
			remoteInfo = "MMCache tvOS";
		};
/* End PBXContainerItemProxy section */

/* Begin PBXFileReference section */
		170D32891EE0030F00BE9450 /* LICENSE */ = {isa = PBXFileReference; fileEncoding = 4; lastKnownFileType = text; path = LICENSE; sourceTree = "<group>"; };
		170D328A1EE0030F00BE9450 /* MMCache.podspec */ = {isa = PBXFileReference; explicitFileType = text.script.ruby; fileEncoding = 4; lineEnding = 0; path = MMCache.podspec; sourceTree = "<group>"; usesTabs = 0; };
		170D328B1EE0030F00BE9450 /* README.md */ = {isa = PBXFileReference; fileEncoding = 4; lastKnownFileType = net.daringfireball.markdown; path = README.md; sourceTree = "<group>"; };
		170D32931EE024B900BE9450 /* MD5.swift */ = {isa = PBXFileReference; fileEncoding = 4; lastKnownFileType = sourcecode.swift; path = MD5.swift; sourceTree = "<group>"; };
		17655D301ED428F4009CA624 /* MMCache.framework */ = {isa = PBXFileReference; explicitFileType = wrapper.framework; includeInIndex = 0; path = MMCache.framework; sourceTree = BUILT_PRODUCTS_DIR; };
		17655D391ED428F4009CA624 /* MMCacheTests.xctest */ = {isa = PBXFileReference; explicitFileType = wrapper.cfbundle; includeInIndex = 0; path = MMCacheTests.xctest; sourceTree = BUILT_PRODUCTS_DIR; };
		17655D4C1ED42E59009CA624 /* Info.plist */ = {isa = PBXFileReference; fileEncoding = 4; lastKnownFileType = text.plist.xml; path = Info.plist; sourceTree = "<group>"; };
		17655D4D1ED42E59009CA624 /* MMCacheTests.swift */ = {isa = PBXFileReference; fileEncoding = 4; lastKnownFileType = sourcecode.swift; path = MMCacheTests.swift; sourceTree = "<group>"; };
		17655D511ED42E9D009CA624 /* Info.plist */ = {isa = PBXFileReference; fileEncoding = 4; lastKnownFileType = text.plist.xml; name = Info.plist; path = Source/Info.plist; sourceTree = "<group>"; };
		17655D521ED42E9D009CA624 /* MMCache.h */ = {isa = PBXFileReference; fileEncoding = 4; lastKnownFileType = sourcecode.c.h; path = MMCache.h; sourceTree = "<group>"; };
		17EA16AC1EDE97C2003B74BF /* Cache.swift */ = {isa = PBXFileReference; fileEncoding = 4; lastKnownFileType = sourcecode.swift; path = Cache.swift; sourceTree = "<group>"; };
		17EA16AF1EDE97C2003B74BF /* MMCache.xcdatamodel */ = {isa = PBXFileReference; lastKnownFileType = wrapper.xcdatamodel; path = MMCache.xcdatamodel; sourceTree = "<group>"; };
		17EA16B01EDE97C2003B74BF /* CacheObject+Operation.swift */ = {isa = PBXFileReference; fileEncoding = 4; lastKnownFileType = sourcecode.swift; path = "CacheObject+Operation.swift"; sourceTree = "<group>"; };
		17EA16B11EDE97C2003B74BF /* DiskCache.swift */ = {isa = PBXFileReference; fileEncoding = 4; lastKnownFileType = sourcecode.swift; path = DiskCache.swift; sourceTree = "<group>"; };
		17EA16B21EDE97C2003B74BF /* Encodable.swift */ = {isa = PBXFileReference; fileEncoding = 4; lastKnownFileType = sourcecode.swift; path = Encodable.swift; sourceTree = "<group>"; };
		17EA16B51EDE97C2003B74BF /* Keys.swift */ = {isa = PBXFileReference; fileEncoding = 4; lastKnownFileType = sourcecode.swift; path = Keys.swift; sourceTree = "<group>"; };
		17EA16B61EDE97C2003B74BF /* MemoryCache.swift */ = {isa = PBXFileReference; fileEncoding = 4; lastKnownFileType = sourcecode.swift; path = MemoryCache.swift; sourceTree = "<group>"; };
		17EA16C01EDE98AE003B74BF /* DBTests.swift */ = {isa = PBXFileReference; fileEncoding = 4; lastKnownFileType = sourcecode.swift; path = DBTests.swift; sourceTree = "<group>"; };
		17EA16C11EDE98AE003B74BF /* DiskCacheTests.swift */ = {isa = PBXFileReference; fileEncoding = 4; lastKnownFileType = sourcecode.swift; path = DiskCacheTests.swift; sourceTree = "<group>"; };
		17EA16C21EDE98AE003B74BF /* MemoryCacheTests.swift */ = {isa = PBXFileReference; fileEncoding = 4; lastKnownFileType = sourcecode.swift; path = MemoryCacheTests.swift; sourceTree = "<group>"; };
		17EA16C41EDE98AE003B74BF /* PureSwiftCodableTests.swift */ = {isa = PBXFileReference; fileEncoding = 4; lastKnownFileType = sourcecode.swift; path = PureSwiftCodableTests.swift; sourceTree = "<group>"; };
		17FE867E1EE56519006782E9 /* MMCache.framework */ = {isa = PBXFileReference; explicitFileType = wrapper.framework; includeInIndex = 0; path = MMCache.framework; sourceTree = BUILT_PRODUCTS_DIR; };
		17FE86861EE56519006782E9 /* MMCache macOSTests.xctest */ = {isa = PBXFileReference; explicitFileType = wrapper.cfbundle; includeInIndex = 0; path = "MMCache macOSTests.xctest"; sourceTree = BUILT_PRODUCTS_DIR; };
		17FE869E1EE569C4006782E9 /* Info macOS.plist */ = {isa = PBXFileReference; fileEncoding = 4; lastKnownFileType = text.plist.xml; name = "Info macOS.plist"; path = "Source/Info macOS.plist"; sourceTree = "<group>"; };
		17FE86AC1EE56CAF006782E9 /* MMCache.framework */ = {isa = PBXFileReference; explicitFileType = wrapper.framework; includeInIndex = 0; path = MMCache.framework; sourceTree = BUILT_PRODUCTS_DIR; };
		17FE86B41EE56CB0006782E9 /* MMCache tvOSTests.xctest */ = {isa = PBXFileReference; explicitFileType = wrapper.cfbundle; includeInIndex = 0; path = "MMCache tvOSTests.xctest"; sourceTree = BUILT_PRODUCTS_DIR; };
		17FE86C41EE56D21006782E9 /* Info tvOS.plist */ = {isa = PBXFileReference; lastKnownFileType = text.plist.xml; name = "Info tvOS.plist"; path = "Source/Info tvOS.plist"; sourceTree = "<group>"; };
		17FE86C51EE56D46006782E9 /* Info tvOS.plist */ = {isa = PBXFileReference; lastKnownFileType = text.plist.xml; path = "Info tvOS.plist"; sourceTree = "<group>"; };
		17FE86C61EE56D4D006782E9 /* Info macOS.plist */ = {isa = PBXFileReference; lastKnownFileType = text.plist.xml; path = "Info macOS.plist"; sourceTree = "<group>"; };
		17FE86DB1EE56FA2006782E9 /* MMCache.framework */ = {isa = PBXFileReference; explicitFileType = wrapper.framework; includeInIndex = 0; path = MMCache.framework; sourceTree = BUILT_PRODUCTS_DIR; };
		17FE86E31EE56FEC006782E9 /* Info watchOS.plist */ = {isa = PBXFileReference; lastKnownFileType = text.plist.xml; name = "Info watchOS.plist"; path = "Source/Info watchOS.plist"; sourceTree = "<group>"; };
/* End PBXFileReference section */

/* Begin PBXFrameworksBuildPhase section */
		17655D2C1ED428F4009CA624 /* Frameworks */ = {
			isa = PBXFrameworksBuildPhase;
			buildActionMask = 2147483647;
			files = (
			);
			runOnlyForDeploymentPostprocessing = 0;
		};
		17655D361ED428F4009CA624 /* Frameworks */ = {
			isa = PBXFrameworksBuildPhase;
			buildActionMask = 2147483647;
			files = (
				17EA17141EDEA232003B74BF /* MMCache.framework in Frameworks */,
			);
			runOnlyForDeploymentPostprocessing = 0;
		};
		17FE867A1EE56519006782E9 /* Frameworks */ = {
			isa = PBXFrameworksBuildPhase;
			buildActionMask = 2147483647;
			files = (
			);
			runOnlyForDeploymentPostprocessing = 0;
		};
		17FE86831EE56519006782E9 /* Frameworks */ = {
			isa = PBXFrameworksBuildPhase;
			buildActionMask = 2147483647;
			files = (
				17FE86871EE56519006782E9 /* MMCache.framework in Frameworks */,
			);
			runOnlyForDeploymentPostprocessing = 0;
		};
		17FE86A81EE56CAF006782E9 /* Frameworks */ = {
			isa = PBXFrameworksBuildPhase;
			buildActionMask = 2147483647;
			files = (
			);
			runOnlyForDeploymentPostprocessing = 0;
		};
		17FE86B11EE56CB0006782E9 /* Frameworks */ = {
			isa = PBXFrameworksBuildPhase;
			buildActionMask = 2147483647;
			files = (
				17FE86B51EE56CB0006782E9 /* MMCache.framework in Frameworks */,
			);
			runOnlyForDeploymentPostprocessing = 0;
		};
		17FE86D71EE56FA2006782E9 /* Frameworks */ = {
			isa = PBXFrameworksBuildPhase;
			buildActionMask = 2147483647;
			files = (
			);
			runOnlyForDeploymentPostprocessing = 0;
		};
/* End PBXFrameworksBuildPhase section */

/* Begin PBXGroup section */
		170D32921EE0242E00BE9450 /* MD5 */ = {
			isa = PBXGroup;
			children = (
				170D32931EE024B900BE9450 /* MD5.swift */,
			);
			path = MD5;
			sourceTree = "<group>";
		};
		17655D261ED428F4009CA624 = {
			isa = PBXGroup;
			children = (
				170D32891EE0030F00BE9450 /* LICENSE */,
				170D328B1EE0030F00BE9450 /* README.md */,
				170D328A1EE0030F00BE9450 /* MMCache.podspec */,
				17655D501ED42E9D009CA624 /* Source */,
				17655D4B1ED42E59009CA624 /* Tests */,
				17655D311ED428F4009CA624 /* Products */,
			);
			sourceTree = "<group>";
		};
		17655D311ED428F4009CA624 /* Products */ = {
			isa = PBXGroup;
			children = (
				17655D301ED428F4009CA624 /* MMCache.framework */,
				17655D391ED428F4009CA624 /* MMCacheTests.xctest */,
				17FE867E1EE56519006782E9 /* MMCache.framework */,
				17FE86861EE56519006782E9 /* MMCache macOSTests.xctest */,
				17FE86AC1EE56CAF006782E9 /* MMCache.framework */,
				17FE86B41EE56CB0006782E9 /* MMCache tvOSTests.xctest */,
				17FE86DB1EE56FA2006782E9 /* MMCache.framework */,
			);
			name = Products;
			sourceTree = "<group>";
		};
		17655D4B1ED42E59009CA624 /* Tests */ = {
			isa = PBXGroup;
			children = (
				17FE86C31EE56CC5006782E9 /* Supporting Files */,
				17655D4D1ED42E59009CA624 /* MMCacheTests.swift */,
				17EA16C01EDE98AE003B74BF /* DBTests.swift */,
				17EA16C11EDE98AE003B74BF /* DiskCacheTests.swift */,
				17EA16C21EDE98AE003B74BF /* MemoryCacheTests.swift */,
				17EA16C41EDE98AE003B74BF /* PureSwiftCodableTests.swift */,
			);
			path = Tests;
			sourceTree = "<group>";
		};
		17655D501ED42E9D009CA624 /* Source */ = {
			isa = PBXGroup;
			children = (
				17FE869D1EE56995006782E9 /* Supportiong Files */,
				17655D521ED42E9D009CA624 /* MMCache.h */,
				17EA16AD1EDE97C2003B74BF /* DataBase */,
				170D32921EE0242E00BE9450 /* MD5 */,
				17EA16AC1EDE97C2003B74BF /* Cache.swift */,
				17EA16B61EDE97C2003B74BF /* MemoryCache.swift */,
				17EA16B11EDE97C2003B74BF /* DiskCache.swift */,
				17EA16B21EDE97C2003B74BF /* Encodable.swift */,
				17EA16B51EDE97C2003B74BF /* Keys.swift */,
			);
			path = Source;
			sourceTree = "<group>";
		};
		17EA16AD1EDE97C2003B74BF /* DataBase */ = {
			isa = PBXGroup;
			children = (
				17EA16AE1EDE97C2003B74BF /* MMCache.xcdatamodeld */,
				17EA16B01EDE97C2003B74BF /* CacheObject+Operation.swift */,
			);
			path = DataBase;
			sourceTree = "<group>";
		};
		17FE869D1EE56995006782E9 /* Supportiong Files */ = {
			isa = PBXGroup;
			children = (
				17655D511ED42E9D009CA624 /* Info.plist */,
				17FE869E1EE569C4006782E9 /* Info macOS.plist */,
				17FE86C41EE56D21006782E9 /* Info tvOS.plist */,
				17FE86E31EE56FEC006782E9 /* Info watchOS.plist */,
			);
			name = "Supportiong Files";
			path = ..;
			sourceTree = "<group>";
		};
		17FE86C31EE56CC5006782E9 /* Supporting Files */ = {
			isa = PBXGroup;
			children = (
				17655D4C1ED42E59009CA624 /* Info.plist */,
				17FE86C61EE56D4D006782E9 /* Info macOS.plist */,
				17FE86C51EE56D46006782E9 /* Info tvOS.plist */,
			);
			name = "Supporting Files";
			sourceTree = "<group>";
		};
/* End PBXGroup section */

/* Begin PBXHeadersBuildPhase section */
		17655D2D1ED428F4009CA624 /* Headers */ = {
			isa = PBXHeadersBuildPhase;
			buildActionMask = 2147483647;
			files = (
				17655D541ED42E9D009CA624 /* MMCache.h in Headers */,
			);
			runOnlyForDeploymentPostprocessing = 0;
		};
		17FE867B1EE56519006782E9 /* Headers */ = {
			isa = PBXHeadersBuildPhase;
			buildActionMask = 2147483647;
			files = (
				17FE86A01EE569D7006782E9 /* MMCache.h in Headers */,
			);
			runOnlyForDeploymentPostprocessing = 0;
		};
		17FE86A91EE56CAF006782E9 /* Headers */ = {
			isa = PBXHeadersBuildPhase;
			buildActionMask = 2147483647;
			files = (
				17FE86CF1EE56DB1006782E9 /* MMCache.h in Headers */,
			);
			runOnlyForDeploymentPostprocessing = 0;
		};
		17FE86D81EE56FA2006782E9 /* Headers */ = {
			isa = PBXHeadersBuildPhase;
			buildActionMask = 2147483647;
			files = (
				17FE86EC1EE57095006782E9 /* MMCache.h in Headers */,
			);
			runOnlyForDeploymentPostprocessing = 0;
		};
/* End PBXHeadersBuildPhase section */

/* Begin PBXNativeTarget section */
		17655D2F1ED428F4009CA624 /* MMCache */ = {
			isa = PBXNativeTarget;
			buildConfigurationList = 17655D441ED428F4009CA624 /* Build configuration list for PBXNativeTarget "MMCache" */;
			buildPhases = (
				17655D2B1ED428F4009CA624 /* Sources */,
				17655D2C1ED428F4009CA624 /* Frameworks */,
				17655D2D1ED428F4009CA624 /* Headers */,
				17655D2E1ED428F4009CA624 /* Resources */,
			);
			buildRules = (
			);
			dependencies = (
			);
			name = MMCache;
			productName = MMCache;
			productReference = 17655D301ED428F4009CA624 /* MMCache.framework */;
			productType = "com.apple.product-type.framework";
		};
		17655D381ED428F4009CA624 /* MMCacheTests */ = {
			isa = PBXNativeTarget;
			buildConfigurationList = 17655D471ED428F4009CA624 /* Build configuration list for PBXNativeTarget "MMCacheTests" */;
			buildPhases = (
				17655D351ED428F4009CA624 /* Sources */,
				17655D361ED428F4009CA624 /* Frameworks */,
				17655D371ED428F4009CA624 /* Resources */,
			);
			buildRules = (
			);
			dependencies = (
				17655D3C1ED428F4009CA624 /* PBXTargetDependency */,
			);
			name = MMCacheTests;
			productName = MMCacheTests;
			productReference = 17655D391ED428F4009CA624 /* MMCacheTests.xctest */;
			productType = "com.apple.product-type.bundle.unit-test";
		};
		17FE867D1EE56519006782E9 /* MMCache macOS */ = {
			isa = PBXNativeTarget;
			buildConfigurationList = 17FE86931EE5651A006782E9 /* Build configuration list for PBXNativeTarget "MMCache macOS" */;
			buildPhases = (
				17FE86791EE56519006782E9 /* Sources */,
				17FE867A1EE56519006782E9 /* Frameworks */,
				17FE867B1EE56519006782E9 /* Headers */,
				17FE867C1EE56519006782E9 /* Resources */,
			);
			buildRules = (
			);
			dependencies = (
			);
			name = "MMCache macOS";
			productName = "MMCache macOS";
			productReference = 17FE867E1EE56519006782E9 /* MMCache.framework */;
			productType = "com.apple.product-type.framework";
		};
		17FE86851EE56519006782E9 /* MMCache macOSTests */ = {
			isa = PBXNativeTarget;
			buildConfigurationList = 17FE86941EE5651A006782E9 /* Build configuration list for PBXNativeTarget "MMCache macOSTests" */;
			buildPhases = (
				17FE86821EE56519006782E9 /* Sources */,
				17FE86831EE56519006782E9 /* Frameworks */,
				17FE86841EE56519006782E9 /* Resources */,
			);
			buildRules = (
			);
			dependencies = (
				17FE86891EE56519006782E9 /* PBXTargetDependency */,
			);
			name = "MMCache macOSTests";
			productName = "MMCache macOSTests";
			productReference = 17FE86861EE56519006782E9 /* MMCache macOSTests.xctest */;
			productType = "com.apple.product-type.bundle.unit-test";
		};
		17FE86AB1EE56CAF006782E9 /* MMCache tvOS */ = {
			isa = PBXNativeTarget;
			buildConfigurationList = 17FE86BD1EE56CB0006782E9 /* Build configuration list for PBXNativeTarget "MMCache tvOS" */;
			buildPhases = (
				17FE86A71EE56CAF006782E9 /* Sources */,
				17FE86A81EE56CAF006782E9 /* Frameworks */,
				17FE86A91EE56CAF006782E9 /* Headers */,
				17FE86AA1EE56CAF006782E9 /* Resources */,
			);
			buildRules = (
			);
			dependencies = (
			);
			name = "MMCache tvOS";
			productName = "MMCache tvOS";
			productReference = 17FE86AC1EE56CAF006782E9 /* MMCache.framework */;
			productType = "com.apple.product-type.framework";
		};
		17FE86B31EE56CB0006782E9 /* MMCache tvOSTests */ = {
			isa = PBXNativeTarget;
			buildConfigurationList = 17FE86C01EE56CB0006782E9 /* Build configuration list for PBXNativeTarget "MMCache tvOSTests" */;
			buildPhases = (
				17FE86B01EE56CB0006782E9 /* Sources */,
				17FE86B11EE56CB0006782E9 /* Frameworks */,
				17FE86B21EE56CB0006782E9 /* Resources */,
			);
			buildRules = (
			);
			dependencies = (
				17FE86B71EE56CB0006782E9 /* PBXTargetDependency */,
			);
			name = "MMCache tvOSTests";
			productName = "MMCache tvOSTests";
			productReference = 17FE86B41EE56CB0006782E9 /* MMCache tvOSTests.xctest */;
			productType = "com.apple.product-type.bundle.unit-test";
		};
		17FE86DA1EE56FA2006782E9 /* MMCache watchOS */ = {
			isa = PBXNativeTarget;
			buildConfigurationList = 17FE86E01EE56FA2006782E9 /* Build configuration list for PBXNativeTarget "MMCache watchOS" */;
			buildPhases = (
				17FE86D61EE56FA2006782E9 /* Sources */,
				17FE86D71EE56FA2006782E9 /* Frameworks */,
				17FE86D81EE56FA2006782E9 /* Headers */,
				17FE86D91EE56FA2006782E9 /* Resources */,
			);
			buildRules = (
			);
			dependencies = (
			);
			name = "MMCache watchOS";
			productName = "MMCache watchOS";
			productReference = 17FE86DB1EE56FA2006782E9 /* MMCache.framework */;
			productType = "com.apple.product-type.framework";
		};
/* End PBXNativeTarget section */

/* Begin PBXProject section */
		17655D271ED428F4009CA624 /* Project object */ = {
			isa = PBXProject;
			attributes = {
				LastSwiftUpdateCheck = 0830;
				LastUpgradeCheck = 0830;
				ORGANIZATIONNAME = MikotoZero;
				TargetAttributes = {
					17655D2F1ED428F4009CA624 = {
						CreatedOnToolsVersion = 8.3.2;
						DevelopmentTeam = MG9EX24M7M;
						LastSwiftMigration = 0830;
						ProvisioningStyle = Automatic;
					};
					17655D381ED428F4009CA624 = {
						CreatedOnToolsVersion = 8.3.2;
						DevelopmentTeam = MG9EX24M7M;
						ProvisioningStyle = Automatic;
					};
					179E69691EEE82720052DB26 = {
						CreatedOnToolsVersion = 8.3.3;
						DevelopmentTeam = MG9EX24M7M;
						ProvisioningStyle = Automatic;
					};
					17FE867D1EE56519006782E9 = {
						CreatedOnToolsVersion = 8.3.2;
						DevelopmentTeam = MG9EX24M7M;
						ProvisioningStyle = Automatic;
					};
					17FE86851EE56519006782E9 = {
						CreatedOnToolsVersion = 8.3.2;
						DevelopmentTeam = MG9EX24M7M;
						ProvisioningStyle = Automatic;
					};
					17FE86AB1EE56CAF006782E9 = {
						CreatedOnToolsVersion = 8.3.2;
						DevelopmentTeam = MG9EX24M7M;
						ProvisioningStyle = Automatic;
					};
					17FE86B31EE56CB0006782E9 = {
						CreatedOnToolsVersion = 8.3.2;
						DevelopmentTeam = MG9EX24M7M;
						ProvisioningStyle = Automatic;
					};
					17FE86DA1EE56FA2006782E9 = {
						CreatedOnToolsVersion = 8.3.2;
						DevelopmentTeam = MG9EX24M7M;
						ProvisioningStyle = Automatic;
					};
				};
			};
			buildConfigurationList = 17655D2A1ED428F4009CA624 /* Build configuration list for PBXProject "MMCache" */;
			compatibilityVersion = "Xcode 3.2";
			developmentRegion = English;
			hasScannedForEncodings = 0;
			knownRegions = (
				en,
			);
			mainGroup = 17655D261ED428F4009CA624;
			productRefGroup = 17655D311ED428F4009CA624 /* Products */;
			projectDirPath = "";
			projectRoot = "";
			targets = (
				17655D2F1ED428F4009CA624 /* MMCache */,
				17655D381ED428F4009CA624 /* MMCacheTests */,
				17FE867D1EE56519006782E9 /* MMCache macOS */,
				17FE86851EE56519006782E9 /* MMCache macOSTests */,
				17FE86AB1EE56CAF006782E9 /* MMCache tvOS */,
				17FE86B31EE56CB0006782E9 /* MMCache tvOSTests */,
				17FE86DA1EE56FA2006782E9 /* MMCache watchOS */,
				179E69691EEE82720052DB26 /* swiftlint */,
			);
		};
/* End PBXProject section */

/* Begin PBXResourcesBuildPhase section */
		17655D2E1ED428F4009CA624 /* Resources */ = {
			isa = PBXResourcesBuildPhase;
			buildActionMask = 2147483647;
			files = (
				170D328C1EE0030F00BE9450 /* LICENSE in Resources */,
			);
			runOnlyForDeploymentPostprocessing = 0;
		};
		17655D371ED428F4009CA624 /* Resources */ = {
			isa = PBXResourcesBuildPhase;
			buildActionMask = 2147483647;
			files = (
			);
			runOnlyForDeploymentPostprocessing = 0;
		};
		17FE867C1EE56519006782E9 /* Resources */ = {
			isa = PBXResourcesBuildPhase;
			buildActionMask = 2147483647;
			files = (
				17FE86A11EE569F4006782E9 /* LICENSE in Resources */,
			);
			runOnlyForDeploymentPostprocessing = 0;
		};
		17FE86841EE56519006782E9 /* Resources */ = {
			isa = PBXResourcesBuildPhase;
			buildActionMask = 2147483647;
			files = (
			);
			runOnlyForDeploymentPostprocessing = 0;
		};
		17FE86AA1EE56CAF006782E9 /* Resources */ = {
			isa = PBXResourcesBuildPhase;
			buildActionMask = 2147483647;
			files = (
				17FE86D01EE56F12006782E9 /* LICENSE in Resources */,
			);
			runOnlyForDeploymentPostprocessing = 0;
		};
		17FE86B21EE56CB0006782E9 /* Resources */ = {
			isa = PBXResourcesBuildPhase;
			buildActionMask = 2147483647;
			files = (
			);
			runOnlyForDeploymentPostprocessing = 0;
		};
		17FE86D91EE56FA2006782E9 /* Resources */ = {
			isa = PBXResourcesBuildPhase;
			buildActionMask = 2147483647;
			files = (
			);
			runOnlyForDeploymentPostprocessing = 0;
		};
/* End PBXResourcesBuildPhase section */

/* Begin PBXShellScriptBuildPhase section */
		179E696D1EEE82790052DB26 /* ShellScript */ = {
			isa = PBXShellScriptBuildPhase;
			buildActionMask = 2147483647;
			files = (
			);
			inputPaths = (
			);
			outputPaths = (
			);
			runOnlyForDeploymentPostprocessing = 0;
			shellPath = /bin/sh;
			shellScript = "if which swiftlint >/dev/null; then\nswiftlint\nelse\necho \"warning: SwiftLint not installed, download from https://github.com/realm/SwiftLint\"\nfi";
		};
/* End PBXShellScriptBuildPhase section */

/* Begin PBXSourcesBuildPhase section */
		17655D2B1ED428F4009CA624 /* Sources */ = {
			isa = PBXSourcesBuildPhase;
			buildActionMask = 2147483647;
			files = (
				17EA16B91EDE97C2003B74BF /* CacheObject+Operation.swift in Sources */,
				17EA16BD1EDE97C2003B74BF /* Keys.swift in Sources */,
				170D32941EE024B900BE9450 /* MD5.swift in Sources */,
				17EA16BA1EDE97C2003B74BF /* DiskCache.swift in Sources */,
				17EA16B81EDE97C2003B74BF /* MMCache.xcdatamodeld in Sources */,
				17EA16BE1EDE97C2003B74BF /* MemoryCache.swift in Sources */,
				17EA16B71EDE97C2003B74BF /* Cache.swift in Sources */,
				17EA16BB1EDE97C2003B74BF /* Encodable.swift in Sources */,
			);
			runOnlyForDeploymentPostprocessing = 0;
		};
		17655D351ED428F4009CA624 /* Sources */ = {
			isa = PBXSourcesBuildPhase;
			buildActionMask = 2147483647;
			files = (
				17EA170F1EDE9F1C003B74BF /* PureSwiftCodableTests.swift in Sources */,
				17655D4F1ED42E59009CA624 /* MMCacheTests.swift in Sources */,
				17EA17101EDE9F20003B74BF /* MemoryCacheTests.swift in Sources */,
				17EA170E1EDE9F19003B74BF /* DiskCacheTests.swift in Sources */,
				17EA170D1EDE9F13003B74BF /* DBTests.swift in Sources */,
			);
			runOnlyForDeploymentPostprocessing = 0;
		};
		17FE86791EE56519006782E9 /* Sources */ = {
			isa = PBXSourcesBuildPhase;
			buildActionMask = 2147483647;
			files = (
				17FE86951EE5697E006782E9 /* MMCache.xcdatamodeld in Sources */,
				17FE86961EE5697E006782E9 /* CacheObject+Operation.swift in Sources */,
				17FE86971EE5697E006782E9 /* MD5.swift in Sources */,
				17FE86981EE5697E006782E9 /* Cache.swift in Sources */,
				17FE86991EE5697E006782E9 /* MemoryCache.swift in Sources */,
				17FE869A1EE5697E006782E9 /* DiskCache.swift in Sources */,
				17FE869B1EE5697E006782E9 /* Encodable.swift in Sources */,
				17FE869C1EE5697E006782E9 /* Keys.swift in Sources */,
			);
			runOnlyForDeploymentPostprocessing = 0;
		};
		17FE86821EE56519006782E9 /* Sources */ = {
			isa = PBXSourcesBuildPhase;
			buildActionMask = 2147483647;
			files = (
				17FE86A21EE56A07006782E9 /* MMCacheTests.swift in Sources */,
				17FE86A31EE56A07006782E9 /* DBTests.swift in Sources */,
				17FE86A41EE56A07006782E9 /* DiskCacheTests.swift in Sources */,
				17FE86A51EE56A07006782E9 /* MemoryCacheTests.swift in Sources */,
				17FE86A61EE56A07006782E9 /* PureSwiftCodableTests.swift in Sources */,
			);
			runOnlyForDeploymentPostprocessing = 0;
		};
		17FE86A71EE56CAF006782E9 /* Sources */ = {
			isa = PBXSourcesBuildPhase;
			buildActionMask = 2147483647;
			files = (
				17FE86C71EE56DAA006782E9 /* MMCache.xcdatamodeld in Sources */,
				17FE86C81EE56DAA006782E9 /* CacheObject+Operation.swift in Sources */,
				17FE86C91EE56DAA006782E9 /* MD5.swift in Sources */,
				17FE86CA1EE56DAA006782E9 /* Cache.swift in Sources */,
				17FE86CB1EE56DAA006782E9 /* MemoryCache.swift in Sources */,
				17FE86CC1EE56DAA006782E9 /* DiskCache.swift in Sources */,
				17FE86CD1EE56DAA006782E9 /* Encodable.swift in Sources */,
				17FE86CE1EE56DAA006782E9 /* Keys.swift in Sources */,
			);
			runOnlyForDeploymentPostprocessing = 0;
		};
		17FE86B01EE56CB0006782E9 /* Sources */ = {
			isa = PBXSourcesBuildPhase;
			buildActionMask = 2147483647;
			files = (
				17FE86D11EE56F3C006782E9 /* MMCacheTests.swift in Sources */,
				17FE86D21EE56F3C006782E9 /* DBTests.swift in Sources */,
				17FE86D31EE56F3C006782E9 /* DiskCacheTests.swift in Sources */,
				17FE86D41EE56F3C006782E9 /* MemoryCacheTests.swift in Sources */,
				17FE86D51EE56F3C006782E9 /* PureSwiftCodableTests.swift in Sources */,
			);
			runOnlyForDeploymentPostprocessing = 0;
		};
		17FE86D61EE56FA2006782E9 /* Sources */ = {
			isa = PBXSourcesBuildPhase;
			buildActionMask = 2147483647;
			files = (
				17FE86E41EE5708A006782E9 /* MMCache.xcdatamodeld in Sources */,
				17FE86E51EE5708A006782E9 /* CacheObject+Operation.swift in Sources */,
				17FE86E61EE5708A006782E9 /* MD5.swift in Sources */,
				17FE86E71EE5708A006782E9 /* Cache.swift in Sources */,
				17FE86E81EE5708A006782E9 /* MemoryCache.swift in Sources */,
				17FE86E91EE5708A006782E9 /* DiskCache.swift in Sources */,
				17FE86EA1EE5708A006782E9 /* Encodable.swift in Sources */,
				17FE86EB1EE5708A006782E9 /* Keys.swift in Sources */,
			);
			runOnlyForDeploymentPostprocessing = 0;
		};
/* End PBXSourcesBuildPhase section */

/* Begin PBXTargetDependency section */
		17655D3C1ED428F4009CA624 /* PBXTargetDependency */ = {
			isa = PBXTargetDependency;
			target = 17655D2F1ED428F4009CA624 /* MMCache */;
			targetProxy = 17655D3B1ED428F4009CA624 /* PBXContainerItemProxy */;
		};
		17FE86891EE56519006782E9 /* PBXTargetDependency */ = {
			isa = PBXTargetDependency;
			target = 17FE867D1EE56519006782E9 /* MMCache macOS */;
			targetProxy = 17FE86881EE56519006782E9 /* PBXContainerItemProxy */;
		};
		17FE86B71EE56CB0006782E9 /* PBXTargetDependency */ = {
			isa = PBXTargetDependency;
			target = 17FE86AB1EE56CAF006782E9 /* MMCache tvOS */;
			targetProxy = 17FE86B61EE56CB0006782E9 /* PBXContainerItemProxy */;
		};
/* End PBXTargetDependency section */

/* Begin XCBuildConfiguration section */
		17655D421ED428F4009CA624 /* Debug */ = {
			isa = XCBuildConfiguration;
			buildSettings = {
				ALWAYS_SEARCH_USER_PATHS = NO;
				CLANG_ANALYZER_NONNULL = YES;
				CLANG_ANALYZER_NUMBER_OBJECT_CONVERSION = YES_AGGRESSIVE;
				CLANG_CXX_LANGUAGE_STANDARD = "gnu++0x";
				CLANG_CXX_LIBRARY = "libc++";
				CLANG_ENABLE_MODULES = YES;
				CLANG_ENABLE_OBJC_ARC = YES;
				CLANG_WARN_BOOL_CONVERSION = YES;
				CLANG_WARN_CONSTANT_CONVERSION = YES;
				CLANG_WARN_DIRECT_OBJC_ISA_USAGE = YES_ERROR;
				CLANG_WARN_DOCUMENTATION_COMMENTS = YES;
				CLANG_WARN_EMPTY_BODY = YES;
				CLANG_WARN_ENUM_CONVERSION = YES;
				CLANG_WARN_INFINITE_RECURSION = YES;
				CLANG_WARN_INT_CONVERSION = YES;
				CLANG_WARN_OBJC_ROOT_CLASS = YES_ERROR;
				CLANG_WARN_SUSPICIOUS_MOVE = YES;
				CLANG_WARN_UNREACHABLE_CODE = YES;
				CLANG_WARN__DUPLICATE_METHOD_MATCH = YES;
				"CODE_SIGN_IDENTITY[sdk=iphoneos*]" = "iPhone Developer";
				COPY_PHASE_STRIP = NO;
				CURRENT_PROJECT_VERSION = 1;
				DEBUG_INFORMATION_FORMAT = dwarf;
				ENABLE_STRICT_OBJC_MSGSEND = YES;
				ENABLE_TESTABILITY = YES;
				GCC_C_LANGUAGE_STANDARD = gnu99;
				GCC_DYNAMIC_NO_PIC = NO;
				GCC_NO_COMMON_BLOCKS = YES;
				GCC_OPTIMIZATION_LEVEL = 0;
				GCC_PREPROCESSOR_DEFINITIONS = (
					"DEBUG=1",
					"$(inherited)",
				);
				GCC_WARN_64_TO_32_BIT_CONVERSION = YES;
				GCC_WARN_ABOUT_RETURN_TYPE = YES_ERROR;
				GCC_WARN_UNDECLARED_SELECTOR = YES;
				GCC_WARN_UNINITIALIZED_AUTOS = YES_AGGRESSIVE;
				GCC_WARN_UNUSED_FUNCTION = YES;
				GCC_WARN_UNUSED_VARIABLE = YES;
				IPHONEOS_DEPLOYMENT_TARGET = 10.3;
				MTL_ENABLE_DEBUG_INFO = YES;
				ONLY_ACTIVE_ARCH = YES;
				SDKROOT = iphoneos;
				SWIFT_ACTIVE_COMPILATION_CONDITIONS = DEBUG;
				SWIFT_OPTIMIZATION_LEVEL = "-Onone";
				TARGETED_DEVICE_FAMILY = "1,2";
				VERSIONING_SYSTEM = "apple-generic";
				VERSION_INFO_PREFIX = "";
			};
			name = Debug;
		};
		17655D431ED428F4009CA624 /* Release */ = {
			isa = XCBuildConfiguration;
			buildSettings = {
				ALWAYS_SEARCH_USER_PATHS = NO;
				CLANG_ANALYZER_NONNULL = YES;
				CLANG_ANALYZER_NUMBER_OBJECT_CONVERSION = YES_AGGRESSIVE;
				CLANG_CXX_LANGUAGE_STANDARD = "gnu++0x";
				CLANG_CXX_LIBRARY = "libc++";
				CLANG_ENABLE_MODULES = YES;
				CLANG_ENABLE_OBJC_ARC = YES;
				CLANG_WARN_BOOL_CONVERSION = YES;
				CLANG_WARN_CONSTANT_CONVERSION = YES;
				CLANG_WARN_DIRECT_OBJC_ISA_USAGE = YES_ERROR;
				CLANG_WARN_DOCUMENTATION_COMMENTS = YES;
				CLANG_WARN_EMPTY_BODY = YES;
				CLANG_WARN_ENUM_CONVERSION = YES;
				CLANG_WARN_INFINITE_RECURSION = YES;
				CLANG_WARN_INT_CONVERSION = YES;
				CLANG_WARN_OBJC_ROOT_CLASS = YES_ERROR;
				CLANG_WARN_SUSPICIOUS_MOVE = YES;
				CLANG_WARN_UNREACHABLE_CODE = YES;
				CLANG_WARN__DUPLICATE_METHOD_MATCH = YES;
				"CODE_SIGN_IDENTITY[sdk=iphoneos*]" = "iPhone Developer";
				COPY_PHASE_STRIP = NO;
				CURRENT_PROJECT_VERSION = 1;
				DEBUG_INFORMATION_FORMAT = "dwarf-with-dsym";
				ENABLE_NS_ASSERTIONS = NO;
				ENABLE_STRICT_OBJC_MSGSEND = YES;
				GCC_C_LANGUAGE_STANDARD = gnu99;
				GCC_NO_COMMON_BLOCKS = YES;
				GCC_WARN_64_TO_32_BIT_CONVERSION = YES;
				GCC_WARN_ABOUT_RETURN_TYPE = YES_ERROR;
				GCC_WARN_UNDECLARED_SELECTOR = YES;
				GCC_WARN_UNINITIALIZED_AUTOS = YES_AGGRESSIVE;
				GCC_WARN_UNUSED_FUNCTION = YES;
				GCC_WARN_UNUSED_VARIABLE = YES;
				IPHONEOS_DEPLOYMENT_TARGET = 10.3;
				MTL_ENABLE_DEBUG_INFO = NO;
				SDKROOT = iphoneos;
				SWIFT_OPTIMIZATION_LEVEL = "-Owholemodule";
				TARGETED_DEVICE_FAMILY = "1,2";
				VALIDATE_PRODUCT = YES;
				VERSIONING_SYSTEM = "apple-generic";
				VERSION_INFO_PREFIX = "";
			};
			name = Release;
		};
		17655D451ED428F4009CA624 /* Debug */ = {
			isa = XCBuildConfiguration;
			buildSettings = {
				APPLICATION_EXTENSION_API_ONLY = YES;
				CLANG_ENABLE_MODULES = YES;
				CODE_SIGN_IDENTITY = "iPhone Developer";
				DEBUG_INFORMATION_FORMAT = "dwarf-with-dsym";
				DEFINES_MODULE = YES;
				DEVELOPMENT_TEAM = MG9EX24M7M;
				DYLIB_COMPATIBILITY_VERSION = 1;
				DYLIB_CURRENT_VERSION = 1;
				DYLIB_INSTALL_NAME_BASE = "@rpath";
				FRAMEWORK_SEARCH_PATHS = "$(inherited)";
				HEADER_SEARCH_PATHS = "$(inherited)";
				INFOPLIST_FILE = Source/Info.plist;
				INSTALL_PATH = "$(LOCAL_LIBRARY_DIR)/Frameworks";
				IPHONEOS_DEPLOYMENT_TARGET = 8.0;
				LD_RUNPATH_SEARCH_PATHS = "$(inherited) @executable_path/Frameworks @loader_path/Frameworks";
				MACOSX_DEPLOYMENT_TARGET = 10.9;
				PRODUCT_BUNDLE_IDENTIFIER = "com.MikotoZero.$(PRODUCT_NAME:rfc1034identifier)";
				PRODUCT_NAME = "$(PROJECT_NAME)";
				SKIP_INSTALL = YES;
				SWIFT_INCLUDE_PATHS = "";
				SWIFT_OBJC_BRIDGING_HEADER = "";
				SWIFT_OPTIMIZATION_LEVEL = "-Onone";
				SWIFT_VERSION = 3.0;
				VALID_ARCHS = "arm64 armv7 armv7s";
			};
			name = Debug;
		};
		17655D461ED428F4009CA624 /* Release */ = {
			isa = XCBuildConfiguration;
			buildSettings = {
				APPLICATION_EXTENSION_API_ONLY = YES;
				CLANG_ENABLE_MODULES = YES;
				CODE_SIGN_IDENTITY = "iPhone Developer";
				DEBUG_INFORMATION_FORMAT = "dwarf-with-dsym";
				DEFINES_MODULE = YES;
				DEVELOPMENT_TEAM = MG9EX24M7M;
				DYLIB_COMPATIBILITY_VERSION = 1;
				DYLIB_CURRENT_VERSION = 1;
				DYLIB_INSTALL_NAME_BASE = "@rpath";
				FRAMEWORK_SEARCH_PATHS = "$(inherited)";
				HEADER_SEARCH_PATHS = "$(inherited)";
				INFOPLIST_FILE = Source/Info.plist;
				INSTALL_PATH = "$(LOCAL_LIBRARY_DIR)/Frameworks";
				IPHONEOS_DEPLOYMENT_TARGET = 8.0;
				LD_RUNPATH_SEARCH_PATHS = "$(inherited) @executable_path/Frameworks @loader_path/Frameworks";
				MACOSX_DEPLOYMENT_TARGET = 10.9;
				PRODUCT_BUNDLE_IDENTIFIER = "com.MikotoZero.$(PRODUCT_NAME:rfc1034identifier)";
				PRODUCT_NAME = "$(PROJECT_NAME)";
				SKIP_INSTALL = YES;
				SWIFT_INCLUDE_PATHS = "";
				SWIFT_OBJC_BRIDGING_HEADER = "";
				SWIFT_VERSION = 3.0;
				VALID_ARCHS = "arm64 armv7 armv7s";
			};
			name = Release;
		};
		17655D481ED428F4009CA624 /* Debug */ = {
			isa = XCBuildConfiguration;
			buildSettings = {
				ALWAYS_EMBED_SWIFT_STANDARD_LIBRARIES = NO;
				DEVELOPMENT_TEAM = MG9EX24M7M;
				INFOPLIST_FILE = Tests/Info.plist;
				IPHONEOS_DEPLOYMENT_TARGET = 8.0;
				LD_RUNPATH_SEARCH_PATHS = "$(inherited) @executable_path/Frameworks @loader_path/Frameworks";
				MACH_O_TYPE = mh_bundle;
				MACOSX_DEPLOYMENT_TARGET = 10.9;
				PRODUCT_BUNDLE_IDENTIFIER = MM.MMCacheTests;
				PRODUCT_NAME = "$(TARGET_NAME)";
				SWIFT_VERSION = 3.0;
			};
			name = Debug;
		};
		17655D491ED428F4009CA624 /* Release */ = {
			isa = XCBuildConfiguration;
			buildSettings = {
				ALWAYS_EMBED_SWIFT_STANDARD_LIBRARIES = NO;
				DEVELOPMENT_TEAM = MG9EX24M7M;
				INFOPLIST_FILE = Tests/Info.plist;
				IPHONEOS_DEPLOYMENT_TARGET = 8.0;
				LD_RUNPATH_SEARCH_PATHS = "$(inherited) @executable_path/Frameworks @loader_path/Frameworks";
				MACH_O_TYPE = mh_bundle;
				MACOSX_DEPLOYMENT_TARGET = 10.9;
				PRODUCT_BUNDLE_IDENTIFIER = MM.MMCacheTests;
				PRODUCT_NAME = "$(TARGET_NAME)";
				SWIFT_VERSION = 3.0;
			};
			name = Release;
		};
		179E696B1EEE82720052DB26 /* Debug */ = {
			isa = XCBuildConfiguration;
			buildSettings = {
				DEVELOPMENT_TEAM = MG9EX24M7M;
				PRODUCT_NAME = "$(TARGET_NAME)";
			};
			name = Debug;
		};
		179E696C1EEE82720052DB26 /* Release */ = {
			isa = XCBuildConfiguration;
			buildSettings = {
				DEVELOPMENT_TEAM = MG9EX24M7M;
				PRODUCT_NAME = "$(TARGET_NAME)";
			};
			name = Release;
		};
		17FE868F1EE5651A006782E9 /* Debug */ = {
			isa = XCBuildConfiguration;
			buildSettings = {
				APPLICATION_EXTENSION_API_ONLY = YES;
				CODE_SIGN_IDENTITY = "-";
				COMBINE_HIDPI_IMAGES = YES;
				DEBUG_INFORMATION_FORMAT = "dwarf-with-dsym";
				DEFINES_MODULE = YES;
				DEVELOPMENT_TEAM = MG9EX24M7M;
				DYLIB_COMPATIBILITY_VERSION = 1;
				DYLIB_CURRENT_VERSION = 1;
				DYLIB_INSTALL_NAME_BASE = "@rpath";
				FRAMEWORK_VERSION = A;
				INFOPLIST_FILE = "Source/Info macOS.plist";
				INSTALL_PATH = "$(LOCAL_LIBRARY_DIR)/Frameworks";
				LD_RUNPATH_SEARCH_PATHS = "$(inherited) @executable_path/../Frameworks @loader_path/Frameworks";
				MACOSX_DEPLOYMENT_TARGET = 10.10;
				PLIST_FILE_OUTPUT_FORMAT = binary;
				PRODUCT_BUNDLE_IDENTIFIER = "com.MikotoZero.$(PRODUCT_NAME:rfc1034identifier)";
				PRODUCT_NAME = "$(PROJECT_NAME)";
				SDKROOT = macosx;
				SKIP_INSTALL = YES;
				SWIFT_VERSION = 3.0;
			};
			name = Debug;
		};
		17FE86901EE5651A006782E9 /* Release */ = {
			isa = XCBuildConfiguration;
			buildSettings = {
				APPLICATION_EXTENSION_API_ONLY = YES;
				CODE_SIGN_IDENTITY = "-";
				COMBINE_HIDPI_IMAGES = YES;
				DEBUG_INFORMATION_FORMAT = "dwarf-with-dsym";
				DEFINES_MODULE = YES;
				DEVELOPMENT_TEAM = MG9EX24M7M;
				DYLIB_COMPATIBILITY_VERSION = 1;
				DYLIB_CURRENT_VERSION = 1;
				DYLIB_INSTALL_NAME_BASE = "@rpath";
				FRAMEWORK_VERSION = A;
				INFOPLIST_FILE = "Source/Info macOS.plist";
				INSTALL_PATH = "$(LOCAL_LIBRARY_DIR)/Frameworks";
				LD_RUNPATH_SEARCH_PATHS = "$(inherited) @executable_path/../Frameworks @loader_path/Frameworks";
				MACOSX_DEPLOYMENT_TARGET = 10.10;
				PLIST_FILE_OUTPUT_FORMAT = binary;
				PRODUCT_BUNDLE_IDENTIFIER = "com.MikotoZero.$(PRODUCT_NAME:rfc1034identifier)";
				PRODUCT_NAME = "$(PROJECT_NAME)";
				SDKROOT = macosx;
				SKIP_INSTALL = YES;
				SWIFT_VERSION = 3.0;
			};
			name = Release;
		};
		17FE86911EE5651A006782E9 /* Debug */ = {
			isa = XCBuildConfiguration;
			buildSettings = {
				ALWAYS_EMBED_SWIFT_STANDARD_LIBRARIES = YES;
				CODE_SIGN_IDENTITY = "-";
				COMBINE_HIDPI_IMAGES = YES;
				DEVELOPMENT_TEAM = MG9EX24M7M;
				INFOPLIST_FILE = "Tests/Info macOS.plist";
				LD_RUNPATH_SEARCH_PATHS = "$(inherited) @executable_path/../Frameworks @loader_path/../Frameworks";
				MACOSX_DEPLOYMENT_TARGET = 10.12;
				PRODUCT_BUNDLE_IDENTIFIER = "com.MikotoZero.MMCache-macOSTests";
				PRODUCT_NAME = "$(TARGET_NAME)";
				SDKROOT = macosx;
				SWIFT_VERSION = 3.0;
			};
			name = Debug;
		};
		17FE86921EE5651A006782E9 /* Release */ = {
			isa = XCBuildConfiguration;
			buildSettings = {
				ALWAYS_EMBED_SWIFT_STANDARD_LIBRARIES = YES;
				CODE_SIGN_IDENTITY = "-";
				COMBINE_HIDPI_IMAGES = YES;
				DEVELOPMENT_TEAM = MG9EX24M7M;
				INFOPLIST_FILE = "Tests/Info macOS.plist";
				LD_RUNPATH_SEARCH_PATHS = "$(inherited) @executable_path/../Frameworks @loader_path/../Frameworks";
				MACOSX_DEPLOYMENT_TARGET = 10.12;
				PRODUCT_BUNDLE_IDENTIFIER = "com.MikotoZero.MMCache-macOSTests";
				PRODUCT_NAME = "$(TARGET_NAME)";
				SDKROOT = macosx;
				SWIFT_VERSION = 3.0;
			};
			name = Release;
		};
		17FE86BE1EE56CB0006782E9 /* Debug */ = {
			isa = XCBuildConfiguration;
			buildSettings = {
				APPLICATION_EXTENSION_API_ONLY = YES;
				CODE_SIGN_IDENTITY = "";
				DEFINES_MODULE = YES;
				DEVELOPMENT_TEAM = MG9EX24M7M;
				DYLIB_COMPATIBILITY_VERSION = 1;
				DYLIB_CURRENT_VERSION = 1;
				DYLIB_INSTALL_NAME_BASE = "@rpath";
				INFOPLIST_FILE = "Source/Info tvOS.plist";
				INSTALL_PATH = "$(LOCAL_LIBRARY_DIR)/Frameworks";
				LD_RUNPATH_SEARCH_PATHS = "$(inherited) @executable_path/Frameworks @loader_path/Frameworks";
				PRODUCT_BUNDLE_IDENTIFIER = "com.MikotoZero.$(PRODUCT_NAME:rfc1034identifier)";
				PRODUCT_NAME = "$(PROJECT_NAME)";
				SDKROOT = appletvos;
				SKIP_INSTALL = YES;
				SWIFT_VERSION = 3.0;
				TARGETED_DEVICE_FAMILY = 3;
				TVOS_DEPLOYMENT_TARGET = 9.0;
			};
			name = Debug;
		};
		17FE86BF1EE56CB0006782E9 /* Release */ = {
			isa = XCBuildConfiguration;
			buildSettings = {
				APPLICATION_EXTENSION_API_ONLY = YES;
				CODE_SIGN_IDENTITY = "";
				DEFINES_MODULE = YES;
				DEVELOPMENT_TEAM = MG9EX24M7M;
				DYLIB_COMPATIBILITY_VERSION = 1;
				DYLIB_CURRENT_VERSION = 1;
				DYLIB_INSTALL_NAME_BASE = "@rpath";
				INFOPLIST_FILE = "Source/Info tvOS.plist";
				INSTALL_PATH = "$(LOCAL_LIBRARY_DIR)/Frameworks";
				LD_RUNPATH_SEARCH_PATHS = "$(inherited) @executable_path/Frameworks @loader_path/Frameworks";
				PRODUCT_BUNDLE_IDENTIFIER = "com.MikotoZero.$(PRODUCT_NAME:rfc1034identifier)";
				PRODUCT_NAME = "$(PROJECT_NAME)";
				SDKROOT = appletvos;
				SKIP_INSTALL = YES;
				SWIFT_VERSION = 3.0;
				TARGETED_DEVICE_FAMILY = 3;
				TVOS_DEPLOYMENT_TARGET = 9.0;
			};
			name = Release;
		};
		17FE86C11EE56CB0006782E9 /* Debug */ = {
			isa = XCBuildConfiguration;
			buildSettings = {
				ALWAYS_EMBED_SWIFT_STANDARD_LIBRARIES = YES;
				DEVELOPMENT_TEAM = MG9EX24M7M;
				INFOPLIST_FILE = "Tests/Info tvOS.plist";
				LD_RUNPATH_SEARCH_PATHS = "$(inherited) @executable_path/Frameworks @loader_path/Frameworks";
				PRODUCT_BUNDLE_IDENTIFIER = "com.MikotoZero.MMCache-tvOSTests";
				PRODUCT_NAME = "$(TARGET_NAME)";
				SDKROOT = appletvos;
				SWIFT_VERSION = 3.0;
				TVOS_DEPLOYMENT_TARGET = 10.2;
			};
			name = Debug;
		};
		17FE86C21EE56CB0006782E9 /* Release */ = {
			isa = XCBuildConfiguration;
			buildSettings = {
				ALWAYS_EMBED_SWIFT_STANDARD_LIBRARIES = YES;
				DEVELOPMENT_TEAM = MG9EX24M7M;
				INFOPLIST_FILE = "Tests/Info tvOS.plist";
				LD_RUNPATH_SEARCH_PATHS = "$(inherited) @executable_path/Frameworks @loader_path/Frameworks";
				PRODUCT_BUNDLE_IDENTIFIER = "com.MikotoZero.MMCache-tvOSTests";
				PRODUCT_NAME = "$(TARGET_NAME)";
				SDKROOT = appletvos;
				SWIFT_VERSION = 3.0;
				TVOS_DEPLOYMENT_TARGET = 10.2;
			};
			name = Release;
		};
		17FE86E11EE56FA2006782E9 /* Debug */ = {
			isa = XCBuildConfiguration;
			buildSettings = {
				APPLICATION_EXTENSION_API_ONLY = YES;
				CODE_SIGN_IDENTITY = "";
				DEBUG_INFORMATION_FORMAT = "dwarf-with-dsym";
				DEFINES_MODULE = YES;
				DEVELOPMENT_TEAM = MG9EX24M7M;
				DYLIB_COMPATIBILITY_VERSION = 1;
				DYLIB_CURRENT_VERSION = 1;
				DYLIB_INSTALL_NAME_BASE = "@rpath";
				INFOPLIST_FILE = "Source/Info watchOS.plist";
				INSTALL_PATH = "$(LOCAL_LIBRARY_DIR)/Frameworks";
				LD_RUNPATH_SEARCH_PATHS = "$(inherited) @executable_path/Frameworks @loader_path/Frameworks";
				PRODUCT_BUNDLE_IDENTIFIER = "com.MikotoZero.$(PRODUCT_NAME:rfc1034identifier)";
				PRODUCT_NAME = "$(PROJECT_NAME)";
				SDKROOT = watchos;
				SKIP_INSTALL = YES;
				SWIFT_VERSION = 3.0;
				TARGETED_DEVICE_FAMILY = 4;
				WATCHOS_DEPLOYMENT_TARGET = 2.0;
			};
			name = Debug;
		};
		17FE86E21EE56FA2006782E9 /* Release */ = {
			isa = XCBuildConfiguration;
			buildSettings = {
				APPLICATION_EXTENSION_API_ONLY = YES;
				CODE_SIGN_IDENTITY = "";
				DEFINES_MODULE = YES;
				DEVELOPMENT_TEAM = MG9EX24M7M;
				DYLIB_COMPATIBILITY_VERSION = 1;
				DYLIB_CURRENT_VERSION = 1;
				DYLIB_INSTALL_NAME_BASE = "@rpath";
				INFOPLIST_FILE = "Source/Info watchOS.plist";
				INSTALL_PATH = "$(LOCAL_LIBRARY_DIR)/Frameworks";
				LD_RUNPATH_SEARCH_PATHS = "$(inherited) @executable_path/Frameworks @loader_path/Frameworks";
				PRODUCT_BUNDLE_IDENTIFIER = "com.MikotoZero.$(PRODUCT_NAME:rfc1034identifier)";
				PRODUCT_NAME = "$(PROJECT_NAME)";
				SDKROOT = watchos;
				SKIP_INSTALL = YES;
				SWIFT_VERSION = 3.0;
				TARGETED_DEVICE_FAMILY = 4;
				WATCHOS_DEPLOYMENT_TARGET = 2.0;
			};
			name = Release;
		};
/* End XCBuildConfiguration section */

/* Begin XCConfigurationList section */
		17655D2A1ED428F4009CA624 /* Build configuration list for PBXProject "MMCache" */ = {
			isa = XCConfigurationList;
			buildConfigurations = (
				17655D421ED428F4009CA624 /* Debug */,
				17655D431ED428F4009CA624 /* Release */,
			);
			defaultConfigurationIsVisible = 0;
			defaultConfigurationName = Release;
		};
		17655D441ED428F4009CA624 /* Build configuration list for PBXNativeTarget "MMCache" */ = {
			isa = XCConfigurationList;
			buildConfigurations = (
				17655D451ED428F4009CA624 /* Debug */,
				17655D461ED428F4009CA624 /* Release */,
			);
			defaultConfigurationIsVisible = 0;
			defaultConfigurationName = Release;
		};
		17655D471ED428F4009CA624 /* Build configuration list for PBXNativeTarget "MMCacheTests" */ = {
			isa = XCConfigurationList;
			buildConfigurations = (
				17655D481ED428F4009CA624 /* Debug */,
				17655D491ED428F4009CA624 /* Release */,
			);
			defaultConfigurationIsVisible = 0;
			defaultConfigurationName = Release;
		};
		179E696A1EEE82720052DB26 /* Build configuration list for PBXAggregateTarget "swiftlint" */ = {
			isa = XCConfigurationList;
			buildConfigurations = (
				179E696B1EEE82720052DB26 /* Debug */,
				179E696C1EEE82720052DB26 /* Release */,
			);
			defaultConfigurationIsVisible = 0;
		};
		17FE86931EE5651A006782E9 /* Build configuration list for PBXNativeTarget "MMCache macOS" */ = {
			isa = XCConfigurationList;
			buildConfigurations = (
				17FE868F1EE5651A006782E9 /* Debug */,
				17FE86901EE5651A006782E9 /* Release */,
			);
			defaultConfigurationIsVisible = 0;
			defaultConfigurationName = Release;
		};
		17FE86941EE5651A006782E9 /* Build configuration list for PBXNativeTarget "MMCache macOSTests" */ = {
			isa = XCConfigurationList;
			buildConfigurations = (
				17FE86911EE5651A006782E9 /* Debug */,
				17FE86921EE5651A006782E9 /* Release */,
			);
			defaultConfigurationIsVisible = 0;
			defaultConfigurationName = Release;
		};
		17FE86BD1EE56CB0006782E9 /* Build configuration list for PBXNativeTarget "MMCache tvOS" */ = {
			isa = XCConfigurationList;
			buildConfigurations = (
				17FE86BE1EE56CB0006782E9 /* Debug */,
				17FE86BF1EE56CB0006782E9 /* Release */,
			);
			defaultConfigurationIsVisible = 0;
			defaultConfigurationName = Release;
		};
		17FE86C01EE56CB0006782E9 /* Build configuration list for PBXNativeTarget "MMCache tvOSTests" */ = {
			isa = XCConfigurationList;
			buildConfigurations = (
				17FE86C11EE56CB0006782E9 /* Debug */,
				17FE86C21EE56CB0006782E9 /* Release */,
			);
			defaultConfigurationIsVisible = 0;
			defaultConfigurationName = Release;
		};
		17FE86E01EE56FA2006782E9 /* Build configuration list for PBXNativeTarget "MMCache watchOS" */ = {
			isa = XCConfigurationList;
			buildConfigurations = (
				17FE86E11EE56FA2006782E9 /* Debug */,
				17FE86E21EE56FA2006782E9 /* Release */,
			);
			defaultConfigurationIsVisible = 0;
			defaultConfigurationName = Release;
		};
/* End XCConfigurationList section */

/* Begin XCVersionGroup section */
		17EA16AE1EDE97C2003B74BF /* MMCache.xcdatamodeld */ = {
			isa = XCVersionGroup;
			children = (
				17EA16AF1EDE97C2003B74BF /* MMCache.xcdatamodel */,
			);
			currentVersion = 17EA16AF1EDE97C2003B74BF /* MMCache.xcdatamodel */;
			path = MMCache.xcdatamodeld;
			sourceTree = "<group>";
			versionGroupType = wrapper.xcdatamodel;
		};
/* End XCVersionGroup section */
	};
	rootObject = 17655D271ED428F4009CA624 /* Project object */;
}
